// !$*UTF8*$!
{
	archiveVersion = 1;
	classes = {
	};
	objectVersion = 46;
	objects = {

/* Begin PBXBuildFile section */
		FC5CF0921B7DA17C009324BC /* SlipbookDataModel.xcdatamodeld in Sources */ = {isa = PBXBuildFile; fileRef = FC5CF0901B7DA17C009324BC /* SlipbookDataModel.xcdatamodeld */; };
		FC5CF0941B7DA439009324BC /* CoreData.framework in Frameworks */ = {isa = PBXBuildFile; fileRef = FC5CF0931B7DA439009324BC /* CoreData.framework */; };
		FC6C3F321B6C5F89003C501A /* SBImageUtils.swift in Sources */ = {isa = PBXBuildFile; fileRef = FC6C3F311B6C5F89003C501A /* SBImageUtils.swift */; };
		FC6C3F3D1B6C7FCA003C501A /* SBDetailViewController.swift in Sources */ = {isa = PBXBuildFile; fileRef = FC6C3F3C1B6C7FCA003C501A /* SBDetailViewController.swift */; };
		FC6C3F3F1B6C7FE6003C501A /* SBNetworking.swift in Sources */ = {isa = PBXBuildFile; fileRef = FC6C3F3E1B6C7FE6003C501A /* SBNetworking.swift */; };
		FC6C3F6E1B6C8C60003C501A /* accept.png in Resources */ = {isa = PBXBuildFile; fileRef = FC6C3F431B6C8C5F003C501A /* accept.png */; };
		FC6C3F6F1B6C8C60003C501A /* action_bar_color.xml in Resources */ = {isa = PBXBuildFile; fileRef = FC6C3F441B6C8C5F003C501A /* action_bar_color.xml */; };
		FC6C3F701B6C8C60003C501A /* app_icon.png in Resources */ = {isa = PBXBuildFile; fileRef = FC6C3F451B6C8C5F003C501A /* app_icon.png */; };
		FC6C3F711B6C8C60003C501A /* bamboo.jpg in Resources */ = {isa = PBXBuildFile; fileRef = FC6C3F461B6C8C5F003C501A /* bamboo.jpg */; };
		FC6C3F721B6C8C60003C501A /* camera.png in Resources */ = {isa = PBXBuildFile; fileRef = FC6C3F471B6C8C5F003C501A /* camera.png */; };
		FC6C3F731B6C8C60003C501A /* camera_new.png in Resources */ = {isa = PBXBuildFile; fileRef = FC6C3F481B6C8C5F003C501A /* camera_new.png */; };
		FC6C3F741B6C8C60003C501A /* category.png in Resources */ = {isa = PBXBuildFile; fileRef = FC6C3F491B6C8C5F003C501A /* category.png */; };
		FC6C3F751B6C8C60003C501A /* category_new.png in Resources */ = {isa = PBXBuildFile; fileRef = FC6C3F4A1B6C8C5F003C501A /* category_new.png */; };
		FC6C3F761B6C8C60003C501A /* chart.png in Resources */ = {isa = PBXBuildFile; fileRef = FC6C3F4B1B6C8C5F003C501A /* chart.png */; };
		FC6C3F771B6C8C60003C501A /* circular.xml in Resources */ = {isa = PBXBuildFile; fileRef = FC6C3F4C1B6C8C5F003C501A /* circular.xml */; };
		FC6C3F781B6C8C60003C501A /* delete.png in Resources */ = {isa = PBXBuildFile; fileRef = FC6C3F4D1B6C8C5F003C501A /* delete.png */; };
		FC6C3F791B6C8C60003C501A /* dollar.png in Resources */ = {isa = PBXBuildFile; fileRef = FC6C3F4E1B6C8C5F003C501A /* dollar.png */; };
		FC6C3F7A1B6C8C60003C501A /* drawer_list_selector.xml in Resources */ = {isa = PBXBuildFile; fileRef = FC6C3F4F1B6C8C5F003C501A /* drawer_list_selector.xml */; };
		FC6C3F7B1B6C8C60003C501A /* edit.png in Resources */ = {isa = PBXBuildFile; fileRef = FC6C3F501B6C8C5F003C501A /* edit.png */; };
		FC6C3F7C1B6C8C60003C501A /* edit_new.png in Resources */ = {isa = PBXBuildFile; fileRef = FC6C3F511B6C8C5F003C501A /* edit_new.png */; };
		FC6C3F7D1B6C8C60003C501A /* edittext.xml in Resources */ = {isa = PBXBuildFile; fileRef = FC6C3F521B6C8C5F003C501A /* edittext.xml */; };
		FC6C3F7E1B6C8C60003C501A /* fab_add.png in Resources */ = {isa = PBXBuildFile; fileRef = FC6C3F531B6C8C5F003C501A /* fab_add.png */; };
		FC6C3F7F1B6C8C60003C501A /* ic_arrow_back_white_24dp.png in Resources */ = {isa = PBXBuildFile; fileRef = FC6C3F541B6C8C5F003C501A /* ic_arrow_back_white_24dp.png */; };
		FC6C3F801B6C8C60003C501A /* ic_hotel_grey600_24dp.png in Resources */ = {isa = PBXBuildFile; fileRef = FC6C3F551B6C8C5F003C501A /* ic_hotel_grey600_24dp.png */; };
		FC6C3F811B6C8C60003C501A /* ic_launcher.png in Resources */ = {isa = PBXBuildFile; fileRef = FC6C3F561B6C8C5F003C501A /* ic_launcher.png */; };
		FC6C3F821B6C8C60003C501A /* ic_mic_white_24dp.png in Resources */ = {isa = PBXBuildFile; fileRef = FC6C3F571B6C8C5F003C501A /* ic_mic_white_24dp.png */; };
		FC6C3F831B6C8C60003C501A /* ic_settings_black_24dp.png in Resources */ = {isa = PBXBuildFile; fileRef = FC6C3F581B6C8C5F003C501A /* ic_settings_black_24dp.png */; };
		FC6C3F841B6C8C60003C501A /* iow.png in Resources */ = {isa = PBXBuildFile; fileRef = FC6C3F591B6C8C5F003C501A /* iow.png */; };
		FC6C3F851B6C8C60003C501A /* login.png in Resources */ = {isa = PBXBuildFile; fileRef = FC6C3F5A1B6C8C5F003C501A /* login.png */; };
		FC6C3F861B6C8C60003C501A /* logout.png in Resources */ = {isa = PBXBuildFile; fileRef = FC6C3F5B1B6C8C5F003C501A /* logout.png */; };
		FC6C3F871B6C8C60003C501A /* mat2.jpg in Resources */ = {isa = PBXBuildFile; fileRef = FC6C3F5C1B6C8C5F003C501A /* mat2.jpg */; };
		FC6C3F881B6C8C60003C501A /* mat3.jpg in Resources */ = {isa = PBXBuildFile; fileRef = FC6C3F5D1B6C8C5F003C501A /* mat3.jpg */; };
		FC6C3F891B6C8C60003C501A /* money_new.png in Resources */ = {isa = PBXBuildFile; fileRef = FC6C3F5E1B6C8C5F003C501A /* money_new.png */; };
		FC6C3F8A1B6C8C60003C501A /* name.png in Resources */ = {isa = PBXBuildFile; fileRef = FC6C3F5F1B6C8C5F003C501A /* name.png */; };
		FC6C3F8B1B6C8C60003C501A /* oval.xml in Resources */ = {isa = PBXBuildFile; fileRef = FC6C3F601B6C8C60003C501A /* oval.xml */; };
		FC6C3F8C1B6C8C60003C501A /* oval_green.xml in Resources */ = {isa = PBXBuildFile; fileRef = FC6C3F611B6C8C60003C501A /* oval_green.xml */; };
		FC6C3F8D1B6C8C60003C501A /* photo.jpg in Resources */ = {isa = PBXBuildFile; fileRef = FC6C3F621B6C8C60003C501A /* photo.jpg */; };
		FC6C3F8E1B6C8C60003C501A /* photo2.jpg in Resources */ = {isa = PBXBuildFile; fileRef = FC6C3F631B6C8C60003C501A /* photo2.jpg */; };
		FC6C3F8F1B6C8C60003C501A /* rounded_corner.xml in Resources */ = {isa = PBXBuildFile; fileRef = FC6C3F641B6C8C60003C501A /* rounded_corner.xml */; };
		FC6C3F901B6C8C60003C501A /* rounded_corner_side.xml in Resources */ = {isa = PBXBuildFile; fileRef = FC6C3F651B6C8C60003C501A /* rounded_corner_side.xml */; };
		FC6C3F911B6C8C60003C501A /* save.png in Resources */ = {isa = PBXBuildFile; fileRef = FC6C3F661B6C8C60003C501A /* save.png */; };
		FC6C3F921B6C8C60003C501A /* save_new.png in Resources */ = {isa = PBXBuildFile; fileRef = FC6C3F671B6C8C60003C501A /* save_new.png */; };
		FC6C3F931B6C8C60003C501A /* save_small.png in Resources */ = {isa = PBXBuildFile; fileRef = FC6C3F681B6C8C60003C501A /* save_small.png */; };
		FC6C3F941B6C8C60003C501A /* search.png in Resources */ = {isa = PBXBuildFile; fileRef = FC6C3F691B6C8C60003C501A /* search.png */; };
		FC6C3F951B6C8C60003C501A /* slipbook.png in Resources */ = {isa = PBXBuildFile; fileRef = FC6C3F6A1B6C8C60003C501A /* slipbook.png */; };
		FC6C3F961B6C8C60003C501A /* stats.png in Resources */ = {isa = PBXBuildFile; fileRef = FC6C3F6B1B6C8C60003C501A /* stats.png */; };
		FC6C3F971B6C8C60003C501A /* sync.png in Resources */ = {isa = PBXBuildFile; fileRef = FC6C3F6C1B6C8C60003C501A /* sync.png */; };
		FC6C3F981B6C8C60003C501A /* upload.png in Resources */ = {isa = PBXBuildFile; fileRef = FC6C3F6D1B6C8C60003C501A /* upload.png */; };
		FC6C3F9A1B6C8DD0003C501A /* SBSearch.swift in Sources */ = {isa = PBXBuildFile; fileRef = FC6C3F991B6C8DD0003C501A /* SBSearch.swift */; };
		FC6C3F9C1B6CAB18003C501A /* SBAddViewController.swift in Sources */ = {isa = PBXBuildFile; fileRef = FC6C3F9B1B6CAB18003C501A /* SBAddViewController.swift */; };
		FC6C3FA01B6CAB43003C501A /* SBTempFieldSave.swift in Sources */ = {isa = PBXBuildFile; fileRef = FC6C3F9F1B6CAB43003C501A /* SBTempFieldSave.swift */; };
		FC6E13551B64A5950038A7BC /* AppDelegate.swift in Sources */ = {isa = PBXBuildFile; fileRef = FC6E13541B64A5950038A7BC /* AppDelegate.swift */; };
		FC6E135A1B64A5950038A7BC /* Main.storyboard in Resources */ = {isa = PBXBuildFile; fileRef = FC6E13581B64A5950038A7BC /* Main.storyboard */; };
		FC6E135C1B64A5950038A7BC /* Images.xcassets in Resources */ = {isa = PBXBuildFile; fileRef = FC6E135B1B64A5950038A7BC /* Images.xcassets */; };
		FC6E135F1B64A5950038A7BC /* LaunchScreen.xib in Resources */ = {isa = PBXBuildFile; fileRef = FC6E135D1B64A5950038A7BC /* LaunchScreen.xib */; };
		FC6E136B1B64A5950038A7BC /* SlipbookTests.swift in Sources */ = {isa = PBXBuildFile; fileRef = FC6E136A1B64A5950038A7BC /* SlipbookTests.swift */; };
		FC6E137F1B64B4100038A7BC /* SBDisplayViewCell.swift in Sources */ = {isa = PBXBuildFile; fileRef = FC6E137E1B64B4100038A7BC /* SBDisplayViewCell.swift */; };
		FC969C3D1B7DF4E100659D6D /* SBCoreData.swift in Sources */ = {isa = PBXBuildFile; fileRef = FC969C3C1B7DF4E100659D6D /* SBCoreData.swift */; };
		FCF412B61B6DDF210035F5A5 /* Contents.json in Resources */ = {isa = PBXBuildFile; fileRef = FCF412A11B6DDF210035F5A5 /* Contents.json */; };
		FCF412B71B6DDF210035F5A5 /* Icon-40.png in Resources */ = {isa = PBXBuildFile; fileRef = FCF412A21B6DDF210035F5A5 /* Icon-40.png */; };
		FCF412B81B6DDF210035F5A5 /* Icon-40@2x.png in Resources */ = {isa = PBXBuildFile; fileRef = FCF412A31B6DDF210035F5A5 /* Icon-40@2x.png */; };
		FCF412B91B6DDF210035F5A5 /* Icon-40@3x.png in Resources */ = {isa = PBXBuildFile; fileRef = FCF412A41B6DDF210035F5A5 /* Icon-40@3x.png */; };
		FCF412BA1B6DDF210035F5A5 /* Icon-60@2x.png in Resources */ = {isa = PBXBuildFile; fileRef = FCF412A51B6DDF210035F5A5 /* Icon-60@2x.png */; };
		FCF412BB1B6DDF210035F5A5 /* Icon-60@3x.png in Resources */ = {isa = PBXBuildFile; fileRef = FCF412A61B6DDF210035F5A5 /* Icon-60@3x.png */; };
		FCF412BC1B6DDF210035F5A5 /* Icon-76.png in Resources */ = {isa = PBXBuildFile; fileRef = FCF412A71B6DDF210035F5A5 /* Icon-76.png */; };
		FCF412BD1B6DDF210035F5A5 /* Icon-76@2x.png in Resources */ = {isa = PBXBuildFile; fileRef = FCF412A81B6DDF210035F5A5 /* Icon-76@2x.png */; };
		FCF412BE1B6DDF210035F5A5 /* Icon-Small.png in Resources */ = {isa = PBXBuildFile; fileRef = FCF412A91B6DDF210035F5A5 /* Icon-Small.png */; };
		FCF412BF1B6DDF210035F5A5 /* Icon-Small@2x.png in Resources */ = {isa = PBXBuildFile; fileRef = FCF412AA1B6DDF210035F5A5 /* Icon-Small@2x.png */; };
		FCF412C01B6DDF210035F5A5 /* Icon-Small@3x.png in Resources */ = {isa = PBXBuildFile; fileRef = FCF412AB1B6DDF210035F5A5 /* Icon-Small@3x.png */; };
		FCF412C11B6DDF210035F5A5 /* Icon-60.png in Resources */ = {isa = PBXBuildFile; fileRef = FCF412AC1B6DDF210035F5A5 /* Icon-60.png */; };
		FCF412C21B6DDF210035F5A5 /* Icon-72.png in Resources */ = {isa = PBXBuildFile; fileRef = FCF412AD1B6DDF210035F5A5 /* Icon-72.png */; };
		FCF412C31B6DDF210035F5A5 /* Icon-72@2x.png in Resources */ = {isa = PBXBuildFile; fileRef = FCF412AE1B6DDF210035F5A5 /* Icon-72@2x.png */; };
		FCF412C41B6DDF210035F5A5 /* Icon-Small-50.png in Resources */ = {isa = PBXBuildFile; fileRef = FCF412AF1B6DDF210035F5A5 /* Icon-Small-50.png */; };
		FCF412C51B6DDF210035F5A5 /* Icon-Small-50@2x.png in Resources */ = {isa = PBXBuildFile; fileRef = FCF412B01B6DDF210035F5A5 /* Icon-Small-50@2x.png */; };
		FCF412C61B6DDF210035F5A5 /* Icon.png in Resources */ = {isa = PBXBuildFile; fileRef = FCF412B11B6DDF210035F5A5 /* Icon.png */; };
		FCF412C71B6DDF210035F5A5 /* Icon@2x.png in Resources */ = {isa = PBXBuildFile; fileRef = FCF412B21B6DDF210035F5A5 /* Icon@2x.png */; };
		FCF412C81B6DDF210035F5A5 /* iTunesArtwork.png in Resources */ = {isa = PBXBuildFile; fileRef = FCF412B31B6DDF210035F5A5 /* iTunesArtwork.png */; };
		FCF412C91B6DDF210035F5A5 /* iTunesArtwork@2x.png in Resources */ = {isa = PBXBuildFile; fileRef = FCF412B41B6DDF210035F5A5 /* iTunesArtwork@2x.png */; };
		FCF412CC1B6E0D350035F5A5 /* SBShowEditInfoViewController.swift in Sources */ = {isa = PBXBuildFile; fileRef = FCF412CB1B6E0D350035F5A5 /* SBShowEditInfoViewController.swift */; };
		FCF4AA6E1B6A1F49005C89F3 /* SBDisplayViewController.swift in Sources */ = {isa = PBXBuildFile; fileRef = FCF4AA6D1B6A1F49005C89F3 /* SBDisplayViewController.swift */; };
		FCF4AA701B6A1FE7005C89F3 /* SBReceiptLocalManager.swift in Sources */ = {isa = PBXBuildFile; fileRef = FCF4AA6F1B6A1FE7005C89F3 /* SBReceiptLocalManager.swift */; };
/* End PBXBuildFile section */

/* Begin PBXContainerItemProxy section */
		FC6E13651B64A5950038A7BC /* PBXContainerItemProxy */ = {
			isa = PBXContainerItemProxy;
			containerPortal = FC6E13471B64A5950038A7BC /* Project object */;
			proxyType = 1;
			remoteGlobalIDString = FC6E134E1B64A5950038A7BC;
			remoteInfo = Slipbook;
		};
/* End PBXContainerItemProxy section */

/* Begin PBXFileReference section */
		FC5CF0911B7DA17C009324BC /* SlipbookDataModel.xcdatamodel */ = {isa = PBXFileReference; lastKnownFileType = wrapper.xcdatamodel; path = SlipbookDataModel.xcdatamodel; sourceTree = "<group>"; };
		FC5CF0931B7DA439009324BC /* CoreData.framework */ = {isa = PBXFileReference; lastKnownFileType = wrapper.framework; name = CoreData.framework; path = System/Library/Frameworks/CoreData.framework; sourceTree = SDKROOT; };
		FC6C3F311B6C5F89003C501A /* SBImageUtils.swift */ = {isa = PBXFileReference; fileEncoding = 4; lastKnownFileType = sourcecode.swift; path = SBImageUtils.swift; sourceTree = "<group>"; };
		FC6C3F3C1B6C7FCA003C501A /* SBDetailViewController.swift */ = {isa = PBXFileReference; fileEncoding = 4; lastKnownFileType = sourcecode.swift; path = SBDetailViewController.swift; sourceTree = "<group>"; };
		FC6C3F3E1B6C7FE6003C501A /* SBNetworking.swift */ = {isa = PBXFileReference; fileEncoding = 4; lastKnownFileType = sourcecode.swift; path = SBNetworking.swift; sourceTree = "<group>"; };
		FC6C3F431B6C8C5F003C501A /* accept.png */ = {isa = PBXFileReference; lastKnownFileType = image.png; path = accept.png; sourceTree = "<group>"; };
		FC6C3F441B6C8C5F003C501A /* action_bar_color.xml */ = {isa = PBXFileReference; fileEncoding = 4; lastKnownFileType = text.xml; path = action_bar_color.xml; sourceTree = "<group>"; };
		FC6C3F451B6C8C5F003C501A /* app_icon.png */ = {isa = PBXFileReference; lastKnownFileType = image.png; path = app_icon.png; sourceTree = "<group>"; };
		FC6C3F461B6C8C5F003C501A /* bamboo.jpg */ = {isa = PBXFileReference; lastKnownFileType = image.jpeg; path = bamboo.jpg; sourceTree = "<group>"; };
		FC6C3F471B6C8C5F003C501A /* camera.png */ = {isa = PBXFileReference; lastKnownFileType = image.png; path = camera.png; sourceTree = "<group>"; };
		FC6C3F481B6C8C5F003C501A /* camera_new.png */ = {isa = PBXFileReference; lastKnownFileType = image.png; path = camera_new.png; sourceTree = "<group>"; };
		FC6C3F491B6C8C5F003C501A /* category.png */ = {isa = PBXFileReference; lastKnownFileType = image.png; path = category.png; sourceTree = "<group>"; };
		FC6C3F4A1B6C8C5F003C501A /* category_new.png */ = {isa = PBXFileReference; lastKnownFileType = image.png; path = category_new.png; sourceTree = "<group>"; };
		FC6C3F4B1B6C8C5F003C501A /* chart.png */ = {isa = PBXFileReference; lastKnownFileType = image.png; path = chart.png; sourceTree = "<group>"; };
		FC6C3F4C1B6C8C5F003C501A /* circular.xml */ = {isa = PBXFileReference; fileEncoding = 4; lastKnownFileType = text.xml; path = circular.xml; sourceTree = "<group>"; };
		FC6C3F4D1B6C8C5F003C501A /* delete.png */ = {isa = PBXFileReference; lastKnownFileType = image.png; path = delete.png; sourceTree = "<group>"; };
		FC6C3F4E1B6C8C5F003C501A /* dollar.png */ = {isa = PBXFileReference; lastKnownFileType = image.png; path = dollar.png; sourceTree = "<group>"; };
		FC6C3F4F1B6C8C5F003C501A /* drawer_list_selector.xml */ = {isa = PBXFileReference; fileEncoding = 4; lastKnownFileType = text.xml; path = drawer_list_selector.xml; sourceTree = "<group>"; };
		FC6C3F501B6C8C5F003C501A /* edit.png */ = {isa = PBXFileReference; lastKnownFileType = image.png; path = edit.png; sourceTree = "<group>"; };
		FC6C3F511B6C8C5F003C501A /* edit_new.png */ = {isa = PBXFileReference; lastKnownFileType = image.png; path = edit_new.png; sourceTree = "<group>"; };
		FC6C3F521B6C8C5F003C501A /* edittext.xml */ = {isa = PBXFileReference; fileEncoding = 4; lastKnownFileType = text.xml; path = edittext.xml; sourceTree = "<group>"; };
		FC6C3F531B6C8C5F003C501A /* fab_add.png */ = {isa = PBXFileReference; lastKnownFileType = image.png; path = fab_add.png; sourceTree = "<group>"; };
		FC6C3F541B6C8C5F003C501A /* ic_arrow_back_white_24dp.png */ = {isa = PBXFileReference; lastKnownFileType = image.png; path = ic_arrow_back_white_24dp.png; sourceTree = "<group>"; };
		FC6C3F551B6C8C5F003C501A /* ic_hotel_grey600_24dp.png */ = {isa = PBXFileReference; lastKnownFileType = image.png; path = ic_hotel_grey600_24dp.png; sourceTree = "<group>"; };
		FC6C3F561B6C8C5F003C501A /* ic_launcher.png */ = {isa = PBXFileReference; lastKnownFileType = image.png; path = ic_launcher.png; sourceTree = "<group>"; };
		FC6C3F571B6C8C5F003C501A /* ic_mic_white_24dp.png */ = {isa = PBXFileReference; lastKnownFileType = image.png; path = ic_mic_white_24dp.png; sourceTree = "<group>"; };
		FC6C3F581B6C8C5F003C501A /* ic_settings_black_24dp.png */ = {isa = PBXFileReference; lastKnownFileType = image.png; path = ic_settings_black_24dp.png; sourceTree = "<group>"; };
		FC6C3F591B6C8C5F003C501A /* iow.png */ = {isa = PBXFileReference; lastKnownFileType = image.png; path = iow.png; sourceTree = "<group>"; };
		FC6C3F5A1B6C8C5F003C501A /* login.png */ = {isa = PBXFileReference; lastKnownFileType = image.png; path = login.png; sourceTree = "<group>"; };
		FC6C3F5B1B6C8C5F003C501A /* logout.png */ = {isa = PBXFileReference; lastKnownFileType = image.png; path = logout.png; sourceTree = "<group>"; };
		FC6C3F5C1B6C8C5F003C501A /* mat2.jpg */ = {isa = PBXFileReference; lastKnownFileType = image.jpeg; path = mat2.jpg; sourceTree = "<group>"; };
		FC6C3F5D1B6C8C5F003C501A /* mat3.jpg */ = {isa = PBXFileReference; lastKnownFileType = image.jpeg; path = mat3.jpg; sourceTree = "<group>"; };
		FC6C3F5E1B6C8C5F003C501A /* money_new.png */ = {isa = PBXFileReference; lastKnownFileType = image.png; path = money_new.png; sourceTree = "<group>"; };
		FC6C3F5F1B6C8C5F003C501A /* name.png */ = {isa = PBXFileReference; lastKnownFileType = image.png; path = name.png; sourceTree = "<group>"; };
		FC6C3F601B6C8C60003C501A /* oval.xml */ = {isa = PBXFileReference; fileEncoding = 4; lastKnownFileType = text.xml; path = oval.xml; sourceTree = "<group>"; };
		FC6C3F611B6C8C60003C501A /* oval_green.xml */ = {isa = PBXFileReference; fileEncoding = 4; lastKnownFileType = text.xml; path = oval_green.xml; sourceTree = "<group>"; };
		FC6C3F621B6C8C60003C501A /* photo.jpg */ = {isa = PBXFileReference; lastKnownFileType = image.jpeg; path = photo.jpg; sourceTree = "<group>"; };
		FC6C3F631B6C8C60003C501A /* photo2.jpg */ = {isa = PBXFileReference; lastKnownFileType = image.jpeg; path = photo2.jpg; sourceTree = "<group>"; };
		FC6C3F641B6C8C60003C501A /* rounded_corner.xml */ = {isa = PBXFileReference; fileEncoding = 4; lastKnownFileType = text.xml; path = rounded_corner.xml; sourceTree = "<group>"; };
		FC6C3F651B6C8C60003C501A /* rounded_corner_side.xml */ = {isa = PBXFileReference; fileEncoding = 4; lastKnownFileType = text.xml; path = rounded_corner_side.xml; sourceTree = "<group>"; };
		FC6C3F661B6C8C60003C501A /* save.png */ = {isa = PBXFileReference; lastKnownFileType = image.png; path = save.png; sourceTree = "<group>"; };
		FC6C3F671B6C8C60003C501A /* save_new.png */ = {isa = PBXFileReference; lastKnownFileType = image.png; path = save_new.png; sourceTree = "<group>"; };
		FC6C3F681B6C8C60003C501A /* save_small.png */ = {isa = PBXFileReference; lastKnownFileType = image.png; path = save_small.png; sourceTree = "<group>"; };
		FC6C3F691B6C8C60003C501A /* search.png */ = {isa = PBXFileReference; lastKnownFileType = image.png; path = search.png; sourceTree = "<group>"; };
		FC6C3F6A1B6C8C60003C501A /* slipbook.png */ = {isa = PBXFileReference; lastKnownFileType = image.png; path = slipbook.png; sourceTree = "<group>"; };
		FC6C3F6B1B6C8C60003C501A /* stats.png */ = {isa = PBXFileReference; lastKnownFileType = image.png; path = stats.png; sourceTree = "<group>"; };
		FC6C3F6C1B6C8C60003C501A /* sync.png */ = {isa = PBXFileReference; lastKnownFileType = image.png; path = sync.png; sourceTree = "<group>"; };
		FC6C3F6D1B6C8C60003C501A /* upload.png */ = {isa = PBXFileReference; lastKnownFileType = image.png; path = upload.png; sourceTree = "<group>"; };
		FC6C3F991B6C8DD0003C501A /* SBSearch.swift */ = {isa = PBXFileReference; fileEncoding = 4; lastKnownFileType = sourcecode.swift; path = SBSearch.swift; sourceTree = "<group>"; };
		FC6C3F9B1B6CAB18003C501A /* SBAddViewController.swift */ = {isa = PBXFileReference; fileEncoding = 4; lastKnownFileType = sourcecode.swift; path = SBAddViewController.swift; sourceTree = "<group>"; };
		FC6C3F9F1B6CAB43003C501A /* SBTempFieldSave.swift */ = {isa = PBXFileReference; fileEncoding = 4; lastKnownFileType = sourcecode.swift; path = SBTempFieldSave.swift; sourceTree = "<group>"; };
		FC6E134F1B64A5950038A7BC /* Slipbook.app */ = {isa = PBXFileReference; explicitFileType = wrapper.application; includeInIndex = 0; path = Slipbook.app; sourceTree = BUILT_PRODUCTS_DIR; };
		FC6E13531B64A5950038A7BC /* Info.plist */ = {isa = PBXFileReference; lastKnownFileType = text.plist.xml; path = Info.plist; sourceTree = "<group>"; };
		FC6E13541B64A5950038A7BC /* AppDelegate.swift */ = {isa = PBXFileReference; lastKnownFileType = sourcecode.swift; path = AppDelegate.swift; sourceTree = "<group>"; };
		FC6E13591B64A5950038A7BC /* Base */ = {isa = PBXFileReference; lastKnownFileType = file.storyboard; name = Base; path = Base.lproj/Main.storyboard; sourceTree = "<group>"; };
		FC6E135B1B64A5950038A7BC /* Images.xcassets */ = {isa = PBXFileReference; lastKnownFileType = folder.assetcatalog; path = Images.xcassets; sourceTree = "<group>"; };
		FC6E135E1B64A5950038A7BC /* Base */ = {isa = PBXFileReference; lastKnownFileType = file.xib; name = Base; path = Base.lproj/LaunchScreen.xib; sourceTree = "<group>"; };
		FC6E13641B64A5950038A7BC /* SlipbookTests.xctest */ = {isa = PBXFileReference; explicitFileType = wrapper.cfbundle; includeInIndex = 0; path = SlipbookTests.xctest; sourceTree = BUILT_PRODUCTS_DIR; };
		FC6E13691B64A5950038A7BC /* Info.plist */ = {isa = PBXFileReference; lastKnownFileType = text.plist.xml; path = Info.plist; sourceTree = "<group>"; };
		FC6E136A1B64A5950038A7BC /* SlipbookTests.swift */ = {isa = PBXFileReference; lastKnownFileType = sourcecode.swift; path = SlipbookTests.swift; sourceTree = "<group>"; };
		FC6E137E1B64B4100038A7BC /* SBDisplayViewCell.swift */ = {isa = PBXFileReference; fileEncoding = 4; lastKnownFileType = sourcecode.swift; path = SBDisplayViewCell.swift; sourceTree = "<group>"; };
		FC969C3C1B7DF4E100659D6D /* SBCoreData.swift */ = {isa = PBXFileReference; fileEncoding = 4; lastKnownFileType = sourcecode.swift; path = SBCoreData.swift; sourceTree = "<group>"; };
		FCF412A11B6DDF210035F5A5 /* Contents.json */ = {isa = PBXFileReference; fileEncoding = 4; lastKnownFileType = text.json; path = Contents.json; sourceTree = "<group>"; };
		FCF412A21B6DDF210035F5A5 /* Icon-40.png */ = {isa = PBXFileReference; lastKnownFileType = image.png; path = "Icon-40.png"; sourceTree = "<group>"; };
		FCF412A31B6DDF210035F5A5 /* Icon-40@2x.png */ = {isa = PBXFileReference; lastKnownFileType = image.png; path = "Icon-40@2x.png"; sourceTree = "<group>"; };
		FCF412A41B6DDF210035F5A5 /* Icon-40@3x.png */ = {isa = PBXFileReference; lastKnownFileType = image.png; path = "Icon-40@3x.png"; sourceTree = "<group>"; };
		FCF412A51B6DDF210035F5A5 /* Icon-60@2x.png */ = {isa = PBXFileReference; lastKnownFileType = image.png; path = "Icon-60@2x.png"; sourceTree = "<group>"; };
		FCF412A61B6DDF210035F5A5 /* Icon-60@3x.png */ = {isa = PBXFileReference; lastKnownFileType = image.png; path = "Icon-60@3x.png"; sourceTree = "<group>"; };
		FCF412A71B6DDF210035F5A5 /* Icon-76.png */ = {isa = PBXFileReference; lastKnownFileType = image.png; path = "Icon-76.png"; sourceTree = "<group>"; };
		FCF412A81B6DDF210035F5A5 /* Icon-76@2x.png */ = {isa = PBXFileReference; lastKnownFileType = image.png; path = "Icon-76@2x.png"; sourceTree = "<group>"; };
		FCF412A91B6DDF210035F5A5 /* Icon-Small.png */ = {isa = PBXFileReference; lastKnownFileType = image.png; path = "Icon-Small.png"; sourceTree = "<group>"; };
		FCF412AA1B6DDF210035F5A5 /* Icon-Small@2x.png */ = {isa = PBXFileReference; lastKnownFileType = image.png; path = "Icon-Small@2x.png"; sourceTree = "<group>"; };
		FCF412AB1B6DDF210035F5A5 /* Icon-Small@3x.png */ = {isa = PBXFileReference; lastKnownFileType = image.png; path = "Icon-Small@3x.png"; sourceTree = "<group>"; };
		FCF412AC1B6DDF210035F5A5 /* Icon-60.png */ = {isa = PBXFileReference; lastKnownFileType = image.png; path = "Icon-60.png"; sourceTree = "<group>"; };
		FCF412AD1B6DDF210035F5A5 /* Icon-72.png */ = {isa = PBXFileReference; lastKnownFileType = image.png; path = "Icon-72.png"; sourceTree = "<group>"; };
		FCF412AE1B6DDF210035F5A5 /* Icon-72@2x.png */ = {isa = PBXFileReference; lastKnownFileType = image.png; path = "Icon-72@2x.png"; sourceTree = "<group>"; };
		FCF412AF1B6DDF210035F5A5 /* Icon-Small-50.png */ = {isa = PBXFileReference; lastKnownFileType = image.png; path = "Icon-Small-50.png"; sourceTree = "<group>"; };
		FCF412B01B6DDF210035F5A5 /* Icon-Small-50@2x.png */ = {isa = PBXFileReference; lastKnownFileType = image.png; path = "Icon-Small-50@2x.png"; sourceTree = "<group>"; };
		FCF412B11B6DDF210035F5A5 /* Icon.png */ = {isa = PBXFileReference; lastKnownFileType = image.png; path = Icon.png; sourceTree = "<group>"; };
		FCF412B21B6DDF210035F5A5 /* Icon@2x.png */ = {isa = PBXFileReference; lastKnownFileType = image.png; path = "Icon@2x.png"; sourceTree = "<group>"; };
		FCF412B31B6DDF210035F5A5 /* iTunesArtwork.png */ = {isa = PBXFileReference; lastKnownFileType = image.png; path = iTunesArtwork.png; sourceTree = "<group>"; };
		FCF412B41B6DDF210035F5A5 /* iTunesArtwork@2x.png */ = {isa = PBXFileReference; lastKnownFileType = image.png; path = "iTunesArtwork@2x.png"; sourceTree = "<group>"; };
		FCF412B51B6DDF210035F5A5 /* README.md */ = {isa = PBXFileReference; fileEncoding = 4; lastKnownFileType = net.daringfireball.markdown; path = README.md; sourceTree = "<group>"; };
		FCF412CB1B6E0D350035F5A5 /* SBShowEditInfoViewController.swift */ = {isa = PBXFileReference; fileEncoding = 4; lastKnownFileType = sourcecode.swift; path = SBShowEditInfoViewController.swift; sourceTree = "<group>"; };
		FCF4AA6D1B6A1F49005C89F3 /* SBDisplayViewController.swift */ = {isa = PBXFileReference; fileEncoding = 4; lastKnownFileType = sourcecode.swift; path = SBDisplayViewController.swift; sourceTree = "<group>"; };
		FCF4AA6F1B6A1FE7005C89F3 /* SBReceiptLocalManager.swift */ = {isa = PBXFileReference; fileEncoding = 4; lastKnownFileType = sourcecode.swift; path = SBReceiptLocalManager.swift; sourceTree = "<group>"; };
		FCF4AA711B6A2220005C89F3 /* Slipbook-Bridging-Header.h */ = {isa = PBXFileReference; lastKnownFileType = sourcecode.c.h; path = "Slipbook-Bridging-Header.h"; sourceTree = "<group>"; };
/* End PBXFileReference section */

/* Begin PBXFrameworksBuildPhase section */
		FC6E134C1B64A5950038A7BC /* Frameworks */ = {
			isa = PBXFrameworksBuildPhase;
			buildActionMask = 2147483647;
			files = (
				FC5CF0941B7DA439009324BC /* CoreData.framework in Frameworks */,
			);
			runOnlyForDeploymentPostprocessing = 0;
		};
		FC6E13611B64A5950038A7BC /* Frameworks */ = {
			isa = PBXFrameworksBuildPhase;
			buildActionMask = 2147483647;
			files = (
			);
			runOnlyForDeploymentPostprocessing = 0;
		};
/* End PBXFrameworksBuildPhase section */

/* Begin PBXGroup section */
		FC6C3F331B6C61D1003C501A /* ignore */ = {
			isa = PBXGroup;
			children = (
				FCF4AA711B6A2220005C89F3 /* Slipbook-Bridging-Header.h */,
			);
			name = ignore;
			sourceTree = "<group>";
		};
		FC6C3F421B6C8C5F003C501A /* drawable-hdpi */ = {
			isa = PBXGroup;
			children = (
				FC6C3F431B6C8C5F003C501A /* accept.png */,
				FC6C3F441B6C8C5F003C501A /* action_bar_color.xml */,
				FC6C3F451B6C8C5F003C501A /* app_icon.png */,
				FC6C3F461B6C8C5F003C501A /* bamboo.jpg */,
				FC6C3F471B6C8C5F003C501A /* camera.png */,
				FC6C3F481B6C8C5F003C501A /* camera_new.png */,
				FC6C3F491B6C8C5F003C501A /* category.png */,
				FC6C3F4A1B6C8C5F003C501A /* category_new.png */,
				FC6C3F4B1B6C8C5F003C501A /* chart.png */,
				FC6C3F4C1B6C8C5F003C501A /* circular.xml */,
				FC6C3F4D1B6C8C5F003C501A /* delete.png */,
				FC6C3F4E1B6C8C5F003C501A /* dollar.png */,
				FC6C3F4F1B6C8C5F003C501A /* drawer_list_selector.xml */,
				FC6C3F501B6C8C5F003C501A /* edit.png */,
				FC6C3F511B6C8C5F003C501A /* edit_new.png */,
				FC6C3F521B6C8C5F003C501A /* edittext.xml */,
				FC6C3F531B6C8C5F003C501A /* fab_add.png */,
				FC6C3F541B6C8C5F003C501A /* ic_arrow_back_white_24dp.png */,
				FC6C3F551B6C8C5F003C501A /* ic_hotel_grey600_24dp.png */,
				FC6C3F561B6C8C5F003C501A /* ic_launcher.png */,
				FC6C3F571B6C8C5F003C501A /* ic_mic_white_24dp.png */,
				FC6C3F581B6C8C5F003C501A /* ic_settings_black_24dp.png */,
				FC6C3F591B6C8C5F003C501A /* iow.png */,
				FC6C3F5A1B6C8C5F003C501A /* login.png */,
				FC6C3F5B1B6C8C5F003C501A /* logout.png */,
				FC6C3F5C1B6C8C5F003C501A /* mat2.jpg */,
				FC6C3F5D1B6C8C5F003C501A /* mat3.jpg */,
				FC6C3F5E1B6C8C5F003C501A /* money_new.png */,
				FC6C3F5F1B6C8C5F003C501A /* name.png */,
				FC6C3F601B6C8C60003C501A /* oval.xml */,
				FC6C3F611B6C8C60003C501A /* oval_green.xml */,
				FC6C3F621B6C8C60003C501A /* photo.jpg */,
				FC6C3F631B6C8C60003C501A /* photo2.jpg */,
				FC6C3F641B6C8C60003C501A /* rounded_corner.xml */,
				FC6C3F651B6C8C60003C501A /* rounded_corner_side.xml */,
				FC6C3F661B6C8C60003C501A /* save.png */,
				FC6C3F671B6C8C60003C501A /* save_new.png */,
				FC6C3F681B6C8C60003C501A /* save_small.png */,
				FC6C3F691B6C8C60003C501A /* search.png */,
				FC6C3F6A1B6C8C60003C501A /* slipbook.png */,
				FC6C3F6B1B6C8C60003C501A /* stats.png */,
				FC6C3F6C1B6C8C60003C501A /* sync.png */,
				FC6C3F6D1B6C8C60003C501A /* upload.png */,
			);
			path = "drawable-hdpi";
			sourceTree = "<group>";
		};
		FC6E13461B64A5950038A7BC = {
			isa = PBXGroup;
			children = (
				FC5CF0931B7DA439009324BC /* CoreData.framework */,
				FC6E13511B64A5950038A7BC /* Slipbook */,
				FC6E13671B64A5950038A7BC /* SlipbookTests */,
				FC6E13501B64A5950038A7BC /* Products */,
			);
			sourceTree = "<group>";
		};
		FC6E13501B64A5950038A7BC /* Products */ = {
			isa = PBXGroup;
			children = (
				FC6E134F1B64A5950038A7BC /* Slipbook.app */,
				FC6E13641B64A5950038A7BC /* SlipbookTests.xctest */,
			);
			name = Products;
			sourceTree = "<group>";
		};
		FC6E13511B64A5950038A7BC /* Slipbook */ = {
			isa = PBXGroup;
			children = (
				FC969C3B1B7DF4B000659D6D /* phased */,
				FC6C3F331B6C61D1003C501A /* ignore */,
				FC5CF0901B7DA17C009324BC /* SlipbookDataModel.xcdatamodeld */,
				FC6E13541B64A5950038A7BC /* AppDelegate.swift */,
				FC6E13581B64A5950038A7BC /* Main.storyboard */,
				FC6E135B1B64A5950038A7BC /* Images.xcassets */,
				FC6E135D1B64A5950038A7BC /* LaunchScreen.xib */,
				FC6E137E1B64B4100038A7BC /* SBDisplayViewCell.swift */,
				FCF4AA6D1B6A1F49005C89F3 /* SBDisplayViewController.swift */,
				FC6C3F311B6C5F89003C501A /* SBImageUtils.swift */,
				FC6C3F3E1B6C7FE6003C501A /* SBNetworking.swift */,
				FC6C3F991B6C8DD0003C501A /* SBSearch.swift */,
				FC6C3F3C1B6C7FCA003C501A /* SBDetailViewController.swift */,
				FC6C3F9B1B6CAB18003C501A /* SBAddViewController.swift */,
				FCF412CB1B6E0D350035F5A5 /* SBShowEditInfoViewController.swift */,
				FC6E13521B64A5950038A7BC /* Supporting Files */,
				FC969C3C1B7DF4E100659D6D /* SBCoreData.swift */,
			);
			path = Slipbook;
			sourceTree = "<group>";
		};
		FC6E13521B64A5950038A7BC /* Supporting Files */ = {
			isa = PBXGroup;
			children = (
				FC6C3F421B6C8C5F003C501A /* drawable-hdpi */,
				FCF4129F1B6DDF210035F5A5 /* ios */,
				FC6E13531B64A5950038A7BC /* Info.plist */,
			);
			name = "Supporting Files";
			sourceTree = "<group>";
		};
		FC6E13671B64A5950038A7BC /* SlipbookTests */ = {
			isa = PBXGroup;
			children = (
				FC6E136A1B64A5950038A7BC /* SlipbookTests.swift */,
				FC6E13681B64A5950038A7BC /* Supporting Files */,
			);
			path = SlipbookTests;
			sourceTree = "<group>";
		};
		FC6E13681B64A5950038A7BC /* Supporting Files */ = {
			isa = PBXGroup;
			children = (
				FC6E13691B64A5950038A7BC /* Info.plist */,
			);
			name = "Supporting Files";
			sourceTree = "<group>";
		};
		FC969C3B1B7DF4B000659D6D /* phased */ = {
			isa = PBXGroup;
			children = (
				FCF4AA6F1B6A1FE7005C89F3 /* SBReceiptLocalManager.swift */,
				FC6C3F9F1B6CAB43003C501A /* SBTempFieldSave.swift */,
			);
			name = phased;
			sourceTree = "<group>";
		};
		FCF4129F1B6DDF210035F5A5 /* ios */ = {
			isa = PBXGroup;
			children = (
				FCF412A01B6DDF210035F5A5 /* AppIcon.appiconset */,
				FCF412AC1B6DDF210035F5A5 /* Icon-60.png */,
				FCF412AD1B6DDF210035F5A5 /* Icon-72.png */,
				FCF412AE1B6DDF210035F5A5 /* Icon-72@2x.png */,
				FCF412AF1B6DDF210035F5A5 /* Icon-Small-50.png */,
				FCF412B01B6DDF210035F5A5 /* Icon-Small-50@2x.png */,
				FCF412B11B6DDF210035F5A5 /* Icon.png */,
				FCF412B21B6DDF210035F5A5 /* Icon@2x.png */,
				FCF412B31B6DDF210035F5A5 /* iTunesArtwork.png */,
				FCF412B41B6DDF210035F5A5 /* iTunesArtwork@2x.png */,
				FCF412B51B6DDF210035F5A5 /* README.md */,
			);
			path = ios;
			sourceTree = "<group>";
		};
		FCF412A01B6DDF210035F5A5 /* AppIcon.appiconset */ = {
			isa = PBXGroup;
			children = (
				FCF412A11B6DDF210035F5A5 /* Contents.json */,
				FCF412A21B6DDF210035F5A5 /* Icon-40.png */,
				FCF412A31B6DDF210035F5A5 /* Icon-40@2x.png */,
				FCF412A41B6DDF210035F5A5 /* Icon-40@3x.png */,
				FCF412A51B6DDF210035F5A5 /* Icon-60@2x.png */,
				FCF412A61B6DDF210035F5A5 /* Icon-60@3x.png */,
				FCF412A71B6DDF210035F5A5 /* Icon-76.png */,
				FCF412A81B6DDF210035F5A5 /* Icon-76@2x.png */,
				FCF412A91B6DDF210035F5A5 /* Icon-Small.png */,
				FCF412AA1B6DDF210035F5A5 /* Icon-Small@2x.png */,
				FCF412AB1B6DDF210035F5A5 /* Icon-Small@3x.png */,
			);
			path = AppIcon.appiconset;
			sourceTree = "<group>";
		};
/* End PBXGroup section */

/* Begin PBXNativeTarget section */
		FC6E134E1B64A5950038A7BC /* Slipbook */ = {
			isa = PBXNativeTarget;
			buildConfigurationList = FC6E136E1B64A5950038A7BC /* Build configuration list for PBXNativeTarget "Slipbook" */;
			buildPhases = (
				FC6E134B1B64A5950038A7BC /* Sources */,
				FC6E134C1B64A5950038A7BC /* Frameworks */,
				FC6E134D1B64A5950038A7BC /* Resources */,
			);
			buildRules = (
			);
			dependencies = (
			);
			name = Slipbook;
			productName = Slipbook;
			productReference = FC6E134F1B64A5950038A7BC /* Slipbook.app */;
			productType = "com.apple.product-type.application";
		};
		FC6E13631B64A5950038A7BC /* SlipbookTests */ = {
			isa = PBXNativeTarget;
			buildConfigurationList = FC6E13711B64A5950038A7BC /* Build configuration list for PBXNativeTarget "SlipbookTests" */;
			buildPhases = (
				FC6E13601B64A5950038A7BC /* Sources */,
				FC6E13611B64A5950038A7BC /* Frameworks */,
				FC6E13621B64A5950038A7BC /* Resources */,
			);
			buildRules = (
			);
			dependencies = (
				FC6E13661B64A5950038A7BC /* PBXTargetDependency */,
			);
			name = SlipbookTests;
			productName = SlipbookTests;
			productReference = FC6E13641B64A5950038A7BC /* SlipbookTests.xctest */;
			productType = "com.apple.product-type.bundle.unit-test";
		};
/* End PBXNativeTarget section */

/* Begin PBXProject section */
		FC6E13471B64A5950038A7BC /* Project object */ = {
			isa = PBXProject;
			attributes = {
				LastUpgradeCheck = 0640;
				ORGANIZATIONNAME = Actro;
				TargetAttributes = {
					FC6E134E1B64A5950038A7BC = {
						CreatedOnToolsVersion = 6.4;
						DevelopmentTeam = KCMZENG4AG;
					};
					FC6E13631B64A5950038A7BC = {
						CreatedOnToolsVersion = 6.4;
						TestTargetID = FC6E134E1B64A5950038A7BC;
					};
				};
			};
			buildConfigurationList = FC6E134A1B64A5950038A7BC /* Build configuration list for PBXProject "Slipbook" */;
			compatibilityVersion = "Xcode 3.2";
			developmentRegion = English;
			hasScannedForEncodings = 0;
			knownRegions = (
				en,
				Base,
			);
			mainGroup = FC6E13461B64A5950038A7BC;
			productRefGroup = FC6E13501B64A5950038A7BC /* Products */;
			projectDirPath = "";
			projectRoot = "";
			targets = (
				FC6E134E1B64A5950038A7BC /* Slipbook */,
				FC6E13631B64A5950038A7BC /* SlipbookTests */,
			);
		};
/* End PBXProject section */

/* Begin PBXResourcesBuildPhase section */
		FC6E134D1B64A5950038A7BC /* Resources */ = {
			isa = PBXResourcesBuildPhase;
			buildActionMask = 2147483647;
			files = (
				FCF412C41B6DDF210035F5A5 /* Icon-Small-50.png in Resources */,
				FCF412C11B6DDF210035F5A5 /* Icon-60.png in Resources */,
				FCF412BC1B6DDF210035F5A5 /* Icon-76.png in Resources */,
				FCF412C31B6DDF210035F5A5 /* Icon-72@2x.png in Resources */,
				FCF412B61B6DDF210035F5A5 /* Contents.json in Resources */,
				FC6C3F701B6C8C60003C501A /* app_icon.png in Resources */,
				FC6C3F771B6C8C60003C501A /* circular.xml in Resources */,
				FC6C3F801B6C8C60003C501A /* ic_hotel_grey600_24dp.png in Resources */,
				FCF412B81B6DDF210035F5A5 /* Icon-40@2x.png in Resources */,
				FC6C3F961B6C8C60003C501A /* stats.png in Resources */,
				FC6C3F7F1B6C8C60003C501A /* ic_arrow_back_white_24dp.png in Resources */,
				FC6E135A1B64A5950038A7BC /* Main.storyboard in Resources */,
				FC6C3F821B6C8C60003C501A /* ic_mic_white_24dp.png in Resources */,
				FCF412C91B6DDF210035F5A5 /* iTunesArtwork@2x.png in Resources */,
				FCF412BD1B6DDF210035F5A5 /* Icon-76@2x.png in Resources */,
				FCF412B71B6DDF210035F5A5 /* Icon-40.png in Resources */,
				FC6C3F951B6C8C60003C501A /* slipbook.png in Resources */,
				FCF412BF1B6DDF210035F5A5 /* Icon-Small@2x.png in Resources */,
				FC6C3F7E1B6C8C60003C501A /* fab_add.png in Resources */,
				FC6C3F8D1B6C8C60003C501A /* photo.jpg in Resources */,
				FC6C3F841B6C8C60003C501A /* iow.png in Resources */,
				FC6C3F971B6C8C60003C501A /* sync.png in Resources */,
				FC6C3F751B6C8C60003C501A /* category_new.png in Resources */,
				FC6C3F781B6C8C60003C501A /* delete.png in Resources */,
				FC6C3F6E1B6C8C60003C501A /* accept.png in Resources */,
				FCF412C01B6DDF210035F5A5 /* Icon-Small@3x.png in Resources */,
				FC6C3F871B6C8C60003C501A /* mat2.jpg in Resources */,
				FC6C3F931B6C8C60003C501A /* save_small.png in Resources */,
				FC6C3F861B6C8C60003C501A /* logout.png in Resources */,
				FCF412BE1B6DDF210035F5A5 /* Icon-Small.png in Resources */,
				FC6C3F8C1B6C8C60003C501A /* oval_green.xml in Resources */,
				FC6C3F7D1B6C8C60003C501A /* edittext.xml in Resources */,
				FC6C3F741B6C8C60003C501A /* category.png in Resources */,
				FC6C3F8B1B6C8C60003C501A /* oval.xml in Resources */,
				FCF412C81B6DDF210035F5A5 /* iTunesArtwork.png in Resources */,
				FC6C3F851B6C8C60003C501A /* login.png in Resources */,
				FCF412BA1B6DDF210035F5A5 /* Icon-60@2x.png in Resources */,
				FC6C3F881B6C8C60003C501A /* mat3.jpg in Resources */,
				FC6C3F7A1B6C8C60003C501A /* drawer_list_selector.xml in Resources */,
				FC6E135F1B64A5950038A7BC /* LaunchScreen.xib in Resources */,
				FC6C3F761B6C8C60003C501A /* chart.png in Resources */,
				FC6C3F921B6C8C60003C501A /* save_new.png in Resources */,
				FC6C3F981B6C8C60003C501A /* upload.png in Resources */,
				FC6C3F7C1B6C8C60003C501A /* edit_new.png in Resources */,
				FC6C3F891B6C8C60003C501A /* money_new.png in Resources */,
				FCF412C21B6DDF210035F5A5 /* Icon-72.png in Resources */,
				FC6C3F8E1B6C8C60003C501A /* photo2.jpg in Resources */,
				FC6C3F811B6C8C60003C501A /* ic_launcher.png in Resources */,
				FC6C3F711B6C8C60003C501A /* bamboo.jpg in Resources */,
				FC6C3F6F1B6C8C60003C501A /* action_bar_color.xml in Resources */,
				FC6C3F941B6C8C60003C501A /* search.png in Resources */,
				FCF412C71B6DDF210035F5A5 /* Icon@2x.png in Resources */,
				FC6C3F8F1B6C8C60003C501A /* rounded_corner.xml in Resources */,
				FC6C3F7B1B6C8C60003C501A /* edit.png in Resources */,
				FC6C3F831B6C8C60003C501A /* ic_settings_black_24dp.png in Resources */,
				FC6C3F721B6C8C60003C501A /* camera.png in Resources */,
				FC6C3F901B6C8C60003C501A /* rounded_corner_side.xml in Resources */,
				FCF412C61B6DDF210035F5A5 /* Icon.png in Resources */,
				FCF412B91B6DDF210035F5A5 /* Icon-40@3x.png in Resources */,
				FC6C3F8A1B6C8C60003C501A /* name.png in Resources */,
				FC6C3F911B6C8C60003C501A /* save.png in Resources */,
				FCF412BB1B6DDF210035F5A5 /* Icon-60@3x.png in Resources */,
				FCF412C51B6DDF210035F5A5 /* Icon-Small-50@2x.png in Resources */,
				FC6C3F731B6C8C60003C501A /* camera_new.png in Resources */,
				FC6E135C1B64A5950038A7BC /* Images.xcassets in Resources */,
				FC6C3F791B6C8C60003C501A /* dollar.png in Resources */,
			);
			runOnlyForDeploymentPostprocessing = 0;
		};
		FC6E13621B64A5950038A7BC /* Resources */ = {
			isa = PBXResourcesBuildPhase;
			buildActionMask = 2147483647;
			files = (
			);
			runOnlyForDeploymentPostprocessing = 0;
		};
/* End PBXResourcesBuildPhase section */

/* Begin PBXSourcesBuildPhase section */
		FC6E134B1B64A5950038A7BC /* Sources */ = {
			isa = PBXSourcesBuildPhase;
			buildActionMask = 2147483647;
			files = (
				FC6C3FA01B6CAB43003C501A /* SBTempFieldSave.swift in Sources */,
				FC6E13551B64A5950038A7BC /* AppDelegate.swift in Sources */,
				FCF412CC1B6E0D350035F5A5 /* SBShowEditInfoViewController.swift in Sources */,
				FCF4AA6E1B6A1F49005C89F3 /* SBDisplayViewController.swift in Sources */,
				FC6C3F3D1B6C7FCA003C501A /* SBDetailViewController.swift in Sources */,
				FCF4AA701B6A1FE7005C89F3 /* SBReceiptLocalManager.swift in Sources */,
				FC6C3F321B6C5F89003C501A /* SBImageUtils.swift in Sources */,
				FC6C3F9A1B6C8DD0003C501A /* SBSearch.swift in Sources */,
				FC5CF0921B7DA17C009324BC /* SlipbookDataModel.xcdatamodeld in Sources */,
				FC6C3F9C1B6CAB18003C501A /* SBAddViewController.swift in Sources */,
				FC6E137F1B64B4100038A7BC /* SBDisplayViewCell.swift in Sources */,
				FC6C3F3F1B6C7FE6003C501A /* SBNetworking.swift in Sources */,
				FC969C3D1B7DF4E100659D6D /* SBCoreData.swift in Sources */,
			);
			runOnlyForDeploymentPostprocessing = 0;
		};
		FC6E13601B64A5950038A7BC /* Sources */ = {
			isa = PBXSourcesBuildPhase;
			buildActionMask = 2147483647;
			files = (
				FC6E136B1B64A5950038A7BC /* SlipbookTests.swift in Sources */,
			);
			runOnlyForDeploymentPostprocessing = 0;
		};
/* End PBXSourcesBuildPhase section */

/* Begin PBXTargetDependency section */
		FC6E13661B64A5950038A7BC /* PBXTargetDependency */ = {
			isa = PBXTargetDependency;
			target = FC6E134E1B64A5950038A7BC /* Slipbook */;
			targetProxy = FC6E13651B64A5950038A7BC /* PBXContainerItemProxy */;
		};
/* End PBXTargetDependency section */

/* Begin PBXVariantGroup section */
		FC6E13581B64A5950038A7BC /* Main.storyboard */ = {
			isa = PBXVariantGroup;
			children = (
				FC6E13591B64A5950038A7BC /* Base */,
			);
			name = Main.storyboard;
			sourceTree = "<group>";
		};
		FC6E135D1B64A5950038A7BC /* LaunchScreen.xib */ = {
			isa = PBXVariantGroup;
			children = (
				FC6E135E1B64A5950038A7BC /* Base */,
			);
			name = LaunchScreen.xib;
			sourceTree = "<group>";
		};
/* End PBXVariantGroup section */

/* Begin XCBuildConfiguration section */
		FC6E136C1B64A5950038A7BC /* Debug */ = {
			isa = XCBuildConfiguration;
			buildSettings = {
				ALWAYS_SEARCH_USER_PATHS = NO;
				CLANG_CXX_LANGUAGE_STANDARD = "gnu++0x";
				CLANG_CXX_LIBRARY = "libc++";
				CLANG_ENABLE_MODULES = YES;
				CLANG_ENABLE_OBJC_ARC = YES;
				CLANG_WARN_BOOL_CONVERSION = YES;
				CLANG_WARN_CONSTANT_CONVERSION = YES;
				CLANG_WARN_DIRECT_OBJC_ISA_USAGE = YES_ERROR;
				CLANG_WARN_EMPTY_BODY = YES;
				CLANG_WARN_ENUM_CONVERSION = YES;
				CLANG_WARN_INT_CONVERSION = YES;
				CLANG_WARN_OBJC_ROOT_CLASS = YES_ERROR;
				CLANG_WARN_UNREACHABLE_CODE = YES;
				CLANG_WARN__DUPLICATE_METHOD_MATCH = YES;
				"CODE_SIGN_IDENTITY[sdk=iphoneos*]" = "iPhone Developer";
				COPY_PHASE_STRIP = NO;
				DEBUG_INFORMATION_FORMAT = "dwarf-with-dsym";
				ENABLE_STRICT_OBJC_MSGSEND = YES;
				GCC_C_LANGUAGE_STANDARD = gnu99;
				GCC_DYNAMIC_NO_PIC = NO;
				GCC_NO_COMMON_BLOCKS = YES;
				GCC_OPTIMIZATION_LEVEL = 0;
				GCC_PREPROCESSOR_DEFINITIONS = (
					"DEBUG=1",
					"$(inherited)",
				);
				GCC_SYMBOLS_PRIVATE_EXTERN = NO;
				GCC_WARN_64_TO_32_BIT_CONVERSION = YES;
				GCC_WARN_ABOUT_RETURN_TYPE = YES_ERROR;
				GCC_WARN_UNDECLARED_SELECTOR = YES;
				GCC_WARN_UNINITIALIZED_AUTOS = YES_AGGRESSIVE;
				GCC_WARN_UNUSED_FUNCTION = YES;
				GCC_WARN_UNUSED_VARIABLE = YES;
				IPHONEOS_DEPLOYMENT_TARGET = 8.4;
				MTL_ENABLE_DEBUG_INFO = YES;
				ONLY_ACTIVE_ARCH = YES;
				SDKROOT = iphoneos;
				SWIFT_OPTIMIZATION_LEVEL = "-Onone";
			};
			name = Debug;
		};
		FC6E136D1B64A5950038A7BC /* Release */ = {
			isa = XCBuildConfiguration;
			buildSettings = {
				ALWAYS_SEARCH_USER_PATHS = NO;
				CLANG_CXX_LANGUAGE_STANDARD = "gnu++0x";
				CLANG_CXX_LIBRARY = "libc++";
				CLANG_ENABLE_MODULES = YES;
				CLANG_ENABLE_OBJC_ARC = YES;
				CLANG_WARN_BOOL_CONVERSION = YES;
				CLANG_WARN_CONSTANT_CONVERSION = YES;
				CLANG_WARN_DIRECT_OBJC_ISA_USAGE = YES_ERROR;
				CLANG_WARN_EMPTY_BODY = YES;
				CLANG_WARN_ENUM_CONVERSION = YES;
				CLANG_WARN_INT_CONVERSION = YES;
				CLANG_WARN_OBJC_ROOT_CLASS = YES_ERROR;
				CLANG_WARN_UNREACHABLE_CODE = YES;
				CLANG_WARN__DUPLICATE_METHOD_MATCH = YES;
				"CODE_SIGN_IDENTITY[sdk=iphoneos*]" = "iPhone Developer";
				COPY_PHASE_STRIP = NO;
				DEBUG_INFORMATION_FORMAT = "dwarf-with-dsym";
				ENABLE_NS_ASSERTIONS = NO;
				ENABLE_STRICT_OBJC_MSGSEND = YES;
				GCC_C_LANGUAGE_STANDARD = gnu99;
				GCC_NO_COMMON_BLOCKS = YES;
				GCC_WARN_64_TO_32_BIT_CONVERSION = YES;
				GCC_WARN_ABOUT_RETURN_TYPE = YES_ERROR;
				GCC_WARN_UNDECLARED_SELECTOR = YES;
				GCC_WARN_UNINITIALIZED_AUTOS = YES_AGGRESSIVE;
				GCC_WARN_UNUSED_FUNCTION = YES;
				GCC_WARN_UNUSED_VARIABLE = YES;
				IPHONEOS_DEPLOYMENT_TARGET = 8.4;
				MTL_ENABLE_DEBUG_INFO = NO;
				SDKROOT = iphoneos;
				VALIDATE_PRODUCT = YES;
			};
			name = Release;
		};
		FC6E136F1B64A5950038A7BC /* Debug */ = {
			isa = XCBuildConfiguration;
			buildSettings = {
				ASSETCATALOG_COMPILER_APPICON_NAME = AppIcon;
				CLANG_ENABLE_MODULES = YES;
				CODE_SIGN_IDENTITY = "iPhone Developer";
				"CODE_SIGN_IDENTITY[sdk=iphoneos*]" = "iPhone Developer";
				INFOPLIST_FILE = Slipbook/Info.plist;
				LD_RUNPATH_SEARCH_PATHS = "$(inherited) @executable_path/Frameworks";
				PRODUCT_NAME = "$(TARGET_NAME)";
				PROVISIONING_PROFILE = "";
				SWIFT_OBJC_BRIDGING_HEADER = "Slipbook/Slipbook-Bridging-Header.h";
				SWIFT_OPTIMIZATION_LEVEL = "-Onone";
			};
			name = Debug;
		};
		FC6E13701B64A5950038A7BC /* Release */ = {
			isa = XCBuildConfiguration;
			buildSettings = {
				ASSETCATALOG_COMPILER_APPICON_NAME = AppIcon;
				CLANG_ENABLE_MODULES = YES;
				CODE_SIGN_IDENTITY = "iPhone Developer";
				"CODE_SIGN_IDENTITY[sdk=iphoneos*]" = "iPhone Developer";
				INFOPLIST_FILE = Slipbook/Info.plist;
				LD_RUNPATH_SEARCH_PATHS = "$(inherited) @executable_path/Frameworks";
				PRODUCT_NAME = "$(TARGET_NAME)";
				PROVISIONING_PROFILE = "";
				SWIFT_OBJC_BRIDGING_HEADER = "Slipbook/Slipbook-Bridging-Header.h";
			};
			name = Release;
		};
		FC6E13721B64A5950038A7BC /* Debug */ = {
			isa = XCBuildConfiguration;
			buildSettings = {
				BUNDLE_LOADER = "$(TEST_HOST)";
				FRAMEWORK_SEARCH_PATHS = (
					"$(SDKROOT)/Developer/Library/Frameworks",
					"$(inherited)",
				);
				GCC_PREPROCESSOR_DEFINITIONS = (
					"DEBUG=1",
					"$(inherited)",
				);
				INFOPLIST_FILE = SlipbookTests/Info.plist;
				LD_RUNPATH_SEARCH_PATHS = "$(inherited) @executable_path/Frameworks @loader_path/Frameworks";
				PRODUCT_NAME = "$(TARGET_NAME)";
				TEST_HOST = "$(BUILT_PRODUCTS_DIR)/Slipbook.app/Slipbook";
			};
			name = Debug;
		};
		FC6E13731B64A5950038A7BC /* Release */ = {
			isa = XCBuildConfiguration;
			buildSettings = {
				BUNDLE_LOADER = "$(TEST_HOST)";
				FRAMEWORK_SEARCH_PATHS = (
					"$(SDKROOT)/Developer/Library/Frameworks",
					"$(inherited)",
				);
				INFOPLIST_FILE = SlipbookTests/Info.plist;
				LD_RUNPATH_SEARCH_PATHS = "$(inherited) @executable_path/Frameworks @loader_path/Frameworks";
				PRODUCT_NAME = "$(TARGET_NAME)";
				TEST_HOST = "$(BUILT_PRODUCTS_DIR)/Slipbook.app/Slipbook";
			};
			name = Release;
		};
/* End XCBuildConfiguration section */

/* Begin XCConfigurationList section */
		FC6E134A1B64A5950038A7BC /* Build configuration list for PBXProject "Slipbook" */ = {
			isa = XCConfigurationList;
			buildConfigurations = (
				FC6E136C1B64A5950038A7BC /* Debug */,
				FC6E136D1B64A5950038A7BC /* Release */,
			);
			defaultConfigurationIsVisible = 0;
			defaultConfigurationName = Release;
		};
		FC6E136E1B64A5950038A7BC /* Build configuration list for PBXNativeTarget "Slipbook" */ = {
			isa = XCConfigurationList;
			buildConfigurations = (
				FC6E136F1B64A5950038A7BC /* Debug */,
				FC6E13701B64A5950038A7BC /* Release */,
			);
			defaultConfigurationIsVisible = 0;
			defaultConfigurationName = Release;
		};
		FC6E13711B64A5950038A7BC /* Build configuration list for PBXNativeTarget "SlipbookTests" */ = {
			isa = XCConfigurationList;
			buildConfigurations = (
				FC6E13721B64A5950038A7BC /* Debug */,
				FC6E13731B64A5950038A7BC /* Release */,
			);
			defaultConfigurationIsVisible = 0;
			defaultConfigurationName = Release;
		};
/* End XCConfigurationList section */

/* Begin XCVersionGroup section */
		FC5CF0901B7DA17C009324BC /* SlipbookDataModel.xcdatamodeld */ = {
			isa = XCVersionGroup;
			children = (
				FC5CF0911B7DA17C009324BC /* SlipbookDataModel.xcdatamodel */,
			);
			currentVersion = FC5CF0911B7DA17C009324BC /* SlipbookDataModel.xcdatamodel */;
			path = SlipbookDataModel.xcdatamodeld;
			sourceTree = "<group>";
			versionGroupType = wrapper.xcdatamodel;
		};
/* End XCVersionGroup section */
	};
	rootObject = FC6E13471B64A5950038A7BC /* Project object */;
}
