// !$*UTF8*$!
{
	archiveVersion = 1;
	classes = {
	};
	objectVersion = 46;
	objects = {

/* Begin PBXBuildFile section */
		B5B264551B7F681200CCF001 /* accept.png in Resources */ = {isa = PBXBuildFile; fileRef = B5B2641D1B7F681200CCF001 /* accept.png */; };
		B5B264561B7F681200CCF001 /* action_bar_color.xml in Resources */ = {isa = PBXBuildFile; fileRef = B5B2641E1B7F681200CCF001 /* action_bar_color.xml */; };
		B5B264571B7F681200CCF001 /* add.png in Resources */ = {isa = PBXBuildFile; fileRef = B5B2641F1B7F681200CCF001 /* add.png */; };
		B5B264581B7F681200CCF001 /* addtwo.png in Resources */ = {isa = PBXBuildFile; fileRef = B5B264201B7F681200CCF001 /* addtwo.png */; };
		B5B264591B7F681200CCF001 /* app_icon.png in Resources */ = {isa = PBXBuildFile; fileRef = B5B264211B7F681200CCF001 /* app_icon.png */; };
		B5B2645A1B7F681200CCF001 /* back_arrow.png in Resources */ = {isa = PBXBuildFile; fileRef = B5B264221B7F681200CCF001 /* back_arrow.png */; };
		B5B2645B1B7F681200CCF001 /* background.png in Resources */ = {isa = PBXBuildFile; fileRef = B5B264231B7F681200CCF001 /* background.png */; };
		B5B2645C1B7F681200CCF001 /* bamboo.jpg in Resources */ = {isa = PBXBuildFile; fileRef = B5B264241B7F681200CCF001 /* bamboo.jpg */; };
		B5B2645D1B7F681200CCF001 /* ben.jpg in Resources */ = {isa = PBXBuildFile; fileRef = B5B264251B7F681200CCF001 /* ben.jpg */; };
		B5B2645E1B7F681200CCF001 /* camera.png in Resources */ = {isa = PBXBuildFile; fileRef = B5B264261B7F681200CCF001 /* camera.png */; };
		B5B2645F1B7F681200CCF001 /* camera_new.png in Resources */ = {isa = PBXBuildFile; fileRef = B5B264271B7F681200CCF001 /* camera_new.png */; };
		B5B264601B7F681200CCF001 /* category.png in Resources */ = {isa = PBXBuildFile; fileRef = B5B264281B7F681200CCF001 /* category.png */; };
		B5B264611B7F681200CCF001 /* category_new.png in Resources */ = {isa = PBXBuildFile; fileRef = B5B264291B7F681200CCF001 /* category_new.png */; };
		B5B264621B7F681200CCF001 /* chart.png in Resources */ = {isa = PBXBuildFile; fileRef = B5B2642A1B7F681200CCF001 /* chart.png */; };
		B5B264631B7F681200CCF001 /* circular.xml in Resources */ = {isa = PBXBuildFile; fileRef = B5B2642B1B7F681200CCF001 /* circular.xml */; };
		B5B264641B7F681200CCF001 /* delete.png in Resources */ = {isa = PBXBuildFile; fileRef = B5B2642C1B7F681200CCF001 /* delete.png */; };
		B5B264651B7F681200CCF001 /* dollar.png in Resources */ = {isa = PBXBuildFile; fileRef = B5B2642D1B7F681200CCF001 /* dollar.png */; };
		B5B264661B7F681200CCF001 /* drawer_list_selector.xml in Resources */ = {isa = PBXBuildFile; fileRef = B5B2642E1B7F681200CCF001 /* drawer_list_selector.xml */; };
		B5B264671B7F681200CCF001 /* edit.png in Resources */ = {isa = PBXBuildFile; fileRef = B5B2642F1B7F681200CCF001 /* edit.png */; };
		B5B264681B7F681200CCF001 /* edit_new.png in Resources */ = {isa = PBXBuildFile; fileRef = B5B264301B7F681200CCF001 /* edit_new.png */; };
		B5B264691B7F681200CCF001 /* edittext.xml in Resources */ = {isa = PBXBuildFile; fileRef = B5B264311B7F681200CCF001 /* edittext.xml */; };
		B5B2646A1B7F681200CCF001 /* fab_add.png in Resources */ = {isa = PBXBuildFile; fileRef = B5B264321B7F681200CCF001 /* fab_add.png */; };
		B5B2646B1B7F681200CCF001 /* ic_arrow_back_white_24dp.png in Resources */ = {isa = PBXBuildFile; fileRef = B5B264331B7F681200CCF001 /* ic_arrow_back_white_24dp.png */; };
		B5B2646C1B7F681200CCF001 /* ic_hotel_grey600_24dp.png in Resources */ = {isa = PBXBuildFile; fileRef = B5B264341B7F681200CCF001 /* ic_hotel_grey600_24dp.png */; };
		B5B2646D1B7F681200CCF001 /* ic_launcher.png in Resources */ = {isa = PBXBuildFile; fileRef = B5B264351B7F681200CCF001 /* ic_launcher.png */; };
		B5B2646E1B7F681200CCF001 /* ic_mic_white_24dp.png in Resources */ = {isa = PBXBuildFile; fileRef = B5B264361B7F681200CCF001 /* ic_mic_white_24dp.png */; };
		B5B2646F1B7F681200CCF001 /* ic_settings_black_24dp.png in Resources */ = {isa = PBXBuildFile; fileRef = B5B264371B7F681200CCF001 /* ic_settings_black_24dp.png */; };
		B5B264701B7F681200CCF001 /* iow.png in Resources */ = {isa = PBXBuildFile; fileRef = B5B264381B7F681200CCF001 /* iow.png */; };
		B5B264711B7F681200CCF001 /* login.png in Resources */ = {isa = PBXBuildFile; fileRef = B5B264391B7F681200CCF001 /* login.png */; };
		B5B264721B7F681200CCF001 /* logout.png in Resources */ = {isa = PBXBuildFile; fileRef = B5B2643A1B7F681200CCF001 /* logout.png */; };
		B5B264731B7F681200CCF001 /* mat2.jpg in Resources */ = {isa = PBXBuildFile; fileRef = B5B2643B1B7F681200CCF001 /* mat2.jpg */; };
		B5B264741B7F681200CCF001 /* mat3.jpg in Resources */ = {isa = PBXBuildFile; fileRef = B5B2643C1B7F681200CCF001 /* mat3.jpg */; };
		B5B264751B7F681200CCF001 /* money_new.png in Resources */ = {isa = PBXBuildFile; fileRef = B5B2643D1B7F681200CCF001 /* money_new.png */; };
		B5B264761B7F681200CCF001 /* name.png in Resources */ = {isa = PBXBuildFile; fileRef = B5B2643E1B7F681200CCF001 /* name.png */; };
		B5B264771B7F681200CCF001 /* oval.xml in Resources */ = {isa = PBXBuildFile; fileRef = B5B2643F1B7F681200CCF001 /* oval.xml */; };
		B5B264781B7F681200CCF001 /* oval_green.xml in Resources */ = {isa = PBXBuildFile; fileRef = B5B264401B7F681200CCF001 /* oval_green.xml */; };
		B5B264791B7F681200CCF001 /* photo.jpg in Resources */ = {isa = PBXBuildFile; fileRef = B5B264411B7F681200CCF001 /* photo.jpg */; };
		B5B2647A1B7F681200CCF001 /* photo2.jpg in Resources */ = {isa = PBXBuildFile; fileRef = B5B264421B7F681200CCF001 /* photo2.jpg */; };
		B5B2647B1B7F681200CCF001 /* product.png in Resources */ = {isa = PBXBuildFile; fileRef = B5B264431B7F681200CCF001 /* product.png */; };
		B5B2647C1B7F681200CCF001 /* receipt.png in Resources */ = {isa = PBXBuildFile; fileRef = B5B264441B7F681200CCF001 /* receipt.png */; };
		B5B2647D1B7F681200CCF001 /* receipt_24.png in Resources */ = {isa = PBXBuildFile; fileRef = B5B264451B7F681200CCF001 /* receipt_24.png */; };
		B5B2647E1B7F681200CCF001 /* receipt_small.png in Resources */ = {isa = PBXBuildFile; fileRef = B5B264461B7F681200CCF001 /* receipt_small.png */; };
		B5B2647F1B7F681200CCF001 /* rounded_corner.xml in Resources */ = {isa = PBXBuildFile; fileRef = B5B264471B7F681200CCF001 /* rounded_corner.xml */; };
		B5B264801B7F681200CCF001 /* rounded_corner_side.xml in Resources */ = {isa = PBXBuildFile; fileRef = B5B264481B7F681200CCF001 /* rounded_corner_side.xml */; };
		B5B264811B7F681200CCF001 /* save.png in Resources */ = {isa = PBXBuildFile; fileRef = B5B264491B7F681200CCF001 /* save.png */; };
		B5B264821B7F681200CCF001 /* save_new.png in Resources */ = {isa = PBXBuildFile; fileRef = B5B2644A1B7F681200CCF001 /* save_new.png */; };
		B5B264831B7F681200CCF001 /* save_small.png in Resources */ = {isa = PBXBuildFile; fileRef = B5B2644B1B7F681200CCF001 /* save_small.png */; };
		B5B264841B7F681200CCF001 /* search.png in Resources */ = {isa = PBXBuildFile; fileRef = B5B2644C1B7F681200CCF001 /* search.png */; };
		B5B264851B7F681200CCF001 /* shop.png in Resources */ = {isa = PBXBuildFile; fileRef = B5B2644D1B7F681200CCF001 /* shop.png */; };
		B5B264861B7F681200CCF001 /* slipbook.png in Resources */ = {isa = PBXBuildFile; fileRef = B5B2644E1B7F681200CCF001 /* slipbook.png */; };
		B5B264871B7F681200CCF001 /* stats.png in Resources */ = {isa = PBXBuildFile; fileRef = B5B2644F1B7F681200CCF001 /* stats.png */; };
		B5B264881B7F681200CCF001 /* store.png in Resources */ = {isa = PBXBuildFile; fileRef = B5B264501B7F681200CCF001 /* store.png */; };
		B5B264891B7F681200CCF001 /* sync.png in Resources */ = {isa = PBXBuildFile; fileRef = B5B264511B7F681200CCF001 /* sync.png */; };
		B5B2648A1B7F681200CCF001 /* time.png in Resources */ = {isa = PBXBuildFile; fileRef = B5B264521B7F681200CCF001 /* time.png */; };
		B5B2648B1B7F681200CCF001 /* upload.png in Resources */ = {isa = PBXBuildFile; fileRef = B5B264531B7F681200CCF001 /* upload.png */; };
		B5B2648C1B7F681200CCF001 /* user_icon_corner.xml in Resources */ = {isa = PBXBuildFile; fileRef = B5B264541B7F681200CCF001 /* user_icon_corner.xml */; };
		FC2008D31B8C7C02000693F0 /* SBCategoryDisplayCell.swift in Sources */ = {isa = PBXBuildFile; fileRef = FC2008D21B8C7C02000693F0 /* SBCategoryDisplayCell.swift */; };
		FC2008D51B8C7D45000693F0 /* SBLocalSortCache.swift in Sources */ = {isa = PBXBuildFile; fileRef = FC2008D41B8C7D45000693F0 /* SBLocalSortCache.swift */; };
		FC3F05881B91C61700743AAD /* SearchResultsController.swift in Sources */ = {isa = PBXBuildFile; fileRef = FC3F05871B91C61700743AAD /* SearchResultsController.swift */; };
		FC5CF0921B7DA17C009324BC /* SlipbookDataModel.xcdatamodeld in Sources */ = {isa = PBXBuildFile; fileRef = FC5CF0901B7DA17C009324BC /* SlipbookDataModel.xcdatamodeld */; };
		FC5CF0941B7DA439009324BC /* CoreData.framework in Frameworks */ = {isa = PBXBuildFile; fileRef = FC5CF0931B7DA439009324BC /* CoreData.framework */; };
		FC6C3F321B6C5F89003C501A /* SBImageUtils.swift in Sources */ = {isa = PBXBuildFile; fileRef = FC6C3F311B6C5F89003C501A /* SBImageUtils.swift */; };
		FC6C3F3D1B6C7FCA003C501A /* SBDetailViewController.swift in Sources */ = {isa = PBXBuildFile; fileRef = FC6C3F3C1B6C7FCA003C501A /* SBDetailViewController.swift */; };
		FC6C3F3F1B6C7FE6003C501A /* SBNetworking.swift in Sources */ = {isa = PBXBuildFile; fileRef = FC6C3F3E1B6C7FE6003C501A /* SBNetworking.swift */; };
		FC6C3F9A1B6C8DD0003C501A /* SBSearch.swift in Sources */ = {isa = PBXBuildFile; fileRef = FC6C3F991B6C8DD0003C501A /* SBSearch.swift */; };
		FC6C3F9C1B6CAB18003C501A /* SBAddViewController.swift in Sources */ = {isa = PBXBuildFile; fileRef = FC6C3F9B1B6CAB18003C501A /* SBAddViewController.swift */; };
		FC6E13551B64A5950038A7BC /* AppDelegate.swift in Sources */ = {isa = PBXBuildFile; fileRef = FC6E13541B64A5950038A7BC /* AppDelegate.swift */; };
		FC6E135A1B64A5950038A7BC /* Main.storyboard in Resources */ = {isa = PBXBuildFile; fileRef = FC6E13581B64A5950038A7BC /* Main.storyboard */; };
		FC6E135C1B64A5950038A7BC /* Images.xcassets in Resources */ = {isa = PBXBuildFile; fileRef = FC6E135B1B64A5950038A7BC /* Images.xcassets */; };
		FC6E135F1B64A5950038A7BC /* LaunchScreen.xib in Resources */ = {isa = PBXBuildFile; fileRef = FC6E135D1B64A5950038A7BC /* LaunchScreen.xib */; };
		FC6E136B1B64A5950038A7BC /* SlipbookTests.swift in Sources */ = {isa = PBXBuildFile; fileRef = FC6E136A1B64A5950038A7BC /* SlipbookTests.swift */; };
		FC6E137F1B64B4100038A7BC /* SBDisplayViewCell.swift in Sources */ = {isa = PBXBuildFile; fileRef = FC6E137E1B64B4100038A7BC /* SBDisplayViewCell.swift */; };
		FC969C3D1B7DF4E100659D6D /* SBCoreData.swift in Sources */ = {isa = PBXBuildFile; fileRef = FC969C3C1B7DF4E100659D6D /* SBCoreData.swift */; };
		FC969C461B801B9000659D6D /* SBStoreDisplayViewController.swift in Sources */ = {isa = PBXBuildFile; fileRef = FC969C451B801B9000659D6D /* SBStoreDisplayViewController.swift */; };
		FC969C481B801BD700659D6D /* SBCategoryDisplayViewController.swift in Sources */ = {isa = PBXBuildFile; fileRef = FC969C471B801BD700659D6D /* SBCategoryDisplayViewController.swift */; };
		FC969C4A1B80205900659D6D /* SBStoreDisplayCell.swift in Sources */ = {isa = PBXBuildFile; fileRef = FC969C491B80205900659D6D /* SBStoreDisplayCell.swift */; };
		FC969C4C1B8065DD00659D6D /* SBLocalTempSave.swift in Sources */ = {isa = PBXBuildFile; fileRef = FC969C4B1B8065DD00659D6D /* SBLocalTempSave.swift */; };
		FC969C511B80692A00659D6D /* SBProductImageViewController.swift in Sources */ = {isa = PBXBuildFile; fileRef = FC969C501B80692A00659D6D /* SBProductImageViewController.swift */; };
		FC969C551B806E7500659D6D /* SBProductImageCell.swift in Sources */ = {isa = PBXBuildFile; fileRef = FC969C541B806E7500659D6D /* SBProductImageCell.swift */; };
		FC99F9671B8B1DBA000761CC /* SBReceiptImageViewController.swift in Sources */ = {isa = PBXBuildFile; fileRef = FC99F9661B8B1DBA000761CC /* SBReceiptImageViewController.swift */; };
		FCD272361BA01A8C00554A5E /* SBDetailViewStore.swift in Sources */ = {isa = PBXBuildFile; fileRef = FCD272351BA01A8C00554A5E /* SBDetailViewStore.swift */; };
		FCD272381BA0239E00554A5E /* SBReceiptImageCell.swift in Sources */ = {isa = PBXBuildFile; fileRef = FCD272371BA0239E00554A5E /* SBReceiptImageCell.swift */; };
		FCF412B61B6DDF210035F5A5 /* Contents.json in Resources */ = {isa = PBXBuildFile; fileRef = FCF412A11B6DDF210035F5A5 /* Contents.json */; };
		FCF412B71B6DDF210035F5A5 /* Icon-40.png in Resources */ = {isa = PBXBuildFile; fileRef = FCF412A21B6DDF210035F5A5 /* Icon-40.png */; };
		FCF412B81B6DDF210035F5A5 /* Icon-40@2x.png in Resources */ = {isa = PBXBuildFile; fileRef = FCF412A31B6DDF210035F5A5 /* Icon-40@2x.png */; };
		FCF412B91B6DDF210035F5A5 /* Icon-40@3x.png in Resources */ = {isa = PBXBuildFile; fileRef = FCF412A41B6DDF210035F5A5 /* Icon-40@3x.png */; };
		FCF412BA1B6DDF210035F5A5 /* Icon-60@2x.png in Resources */ = {isa = PBXBuildFile; fileRef = FCF412A51B6DDF210035F5A5 /* Icon-60@2x.png */; };
		FCF412BB1B6DDF210035F5A5 /* Icon-60@3x.png in Resources */ = {isa = PBXBuildFile; fileRef = FCF412A61B6DDF210035F5A5 /* Icon-60@3x.png */; };
		FCF412BC1B6DDF210035F5A5 /* Icon-76.png in Resources */ = {isa = PBXBuildFile; fileRef = FCF412A71B6DDF210035F5A5 /* Icon-76.png */; };
		FCF412BD1B6DDF210035F5A5 /* Icon-76@2x.png in Resources */ = {isa = PBXBuildFile; fileRef = FCF412A81B6DDF210035F5A5 /* Icon-76@2x.png */; };
		FCF412BE1B6DDF210035F5A5 /* Icon-Small.png in Resources */ = {isa = PBXBuildFile; fileRef = FCF412A91B6DDF210035F5A5 /* Icon-Small.png */; };
		FCF412BF1B6DDF210035F5A5 /* Icon-Small@2x.png in Resources */ = {isa = PBXBuildFile; fileRef = FCF412AA1B6DDF210035F5A5 /* Icon-Small@2x.png */; };
		FCF412C01B6DDF210035F5A5 /* Icon-Small@3x.png in Resources */ = {isa = PBXBuildFile; fileRef = FCF412AB1B6DDF210035F5A5 /* Icon-Small@3x.png */; };
		FCF412C11B6DDF210035F5A5 /* Icon-60.png in Resources */ = {isa = PBXBuildFile; fileRef = FCF412AC1B6DDF210035F5A5 /* Icon-60.png */; };
		FCF412C21B6DDF210035F5A5 /* Icon-72.png in Resources */ = {isa = PBXBuildFile; fileRef = FCF412AD1B6DDF210035F5A5 /* Icon-72.png */; };
		FCF412C31B6DDF210035F5A5 /* Icon-72@2x.png in Resources */ = {isa = PBXBuildFile; fileRef = FCF412AE1B6DDF210035F5A5 /* Icon-72@2x.png */; };
		FCF412C41B6DDF210035F5A5 /* Icon-Small-50.png in Resources */ = {isa = PBXBuildFile; fileRef = FCF412AF1B6DDF210035F5A5 /* Icon-Small-50.png */; };
		FCF412C51B6DDF210035F5A5 /* Icon-Small-50@2x.png in Resources */ = {isa = PBXBuildFile; fileRef = FCF412B01B6DDF210035F5A5 /* Icon-Small-50@2x.png */; };
		FCF412C61B6DDF210035F5A5 /* Icon.png in Resources */ = {isa = PBXBuildFile; fileRef = FCF412B11B6DDF210035F5A5 /* Icon.png */; };
		FCF412C71B6DDF210035F5A5 /* Icon@2x.png in Resources */ = {isa = PBXBuildFile; fileRef = FCF412B21B6DDF210035F5A5 /* Icon@2x.png */; };
		FCF412C81B6DDF210035F5A5 /* iTunesArtwork.png in Resources */ = {isa = PBXBuildFile; fileRef = FCF412B31B6DDF210035F5A5 /* iTunesArtwork.png */; };
		FCF412C91B6DDF210035F5A5 /* iTunesArtwork@2x.png in Resources */ = {isa = PBXBuildFile; fileRef = FCF412B41B6DDF210035F5A5 /* iTunesArtwork@2x.png */; };
		FCF412CC1B6E0D350035F5A5 /* SBShowEditInfoViewController.swift in Sources */ = {isa = PBXBuildFile; fileRef = FCF412CB1B6E0D350035F5A5 /* SBShowEditInfoViewController.swift */; };
		FCF4AA6E1B6A1F49005C89F3 /* SBDisplayViewController.swift in Sources */ = {isa = PBXBuildFile; fileRef = FCF4AA6D1B6A1F49005C89F3 /* SBDisplayViewController.swift */; };
		FCF4AA701B6A1FE7005C89F3 /* SBReceiptLocalManager.swift in Sources */ = {isa = PBXBuildFile; fileRef = FCF4AA6F1B6A1FE7005C89F3 /* SBReceiptLocalManager.swift */; };
		FCF908351B908268005169A2 /* swift.swift in Sources */ = {isa = PBXBuildFile; fileRef = FCF908341B908268005169A2 /* swift.swift */; };
/* End PBXBuildFile section */

/* Begin PBXContainerItemProxy section */
		FC6E13651B64A5950038A7BC /* PBXContainerItemProxy */ = {
			isa = PBXContainerItemProxy;
			containerPortal = FC6E13471B64A5950038A7BC /* Project object */;
			proxyType = 1;
			remoteGlobalIDString = FC6E134E1B64A5950038A7BC;
			remoteInfo = Slipbook;
		};
/* End PBXContainerItemProxy section */

/* Begin PBXFileReference section */
		B5B2641D1B7F681200CCF001 /* accept.png */ = {isa = PBXFileReference; lastKnownFileType = image.png; path = accept.png; sourceTree = "<group>"; };
		B5B2641E1B7F681200CCF001 /* action_bar_color.xml */ = {isa = PBXFileReference; fileEncoding = 4; lastKnownFileType = text.xml; path = action_bar_color.xml; sourceTree = "<group>"; };
		B5B2641F1B7F681200CCF001 /* add.png */ = {isa = PBXFileReference; lastKnownFileType = image.png; path = add.png; sourceTree = "<group>"; };
		B5B264201B7F681200CCF001 /* addtwo.png */ = {isa = PBXFileReference; lastKnownFileType = image.png; path = addtwo.png; sourceTree = "<group>"; };
		B5B264211B7F681200CCF001 /* app_icon.png */ = {isa = PBXFileReference; lastKnownFileType = image.png; path = app_icon.png; sourceTree = "<group>"; };
		B5B264221B7F681200CCF001 /* back_arrow.png */ = {isa = PBXFileReference; lastKnownFileType = image.png; path = back_arrow.png; sourceTree = "<group>"; };
		B5B264231B7F681200CCF001 /* background.png */ = {isa = PBXFileReference; lastKnownFileType = image.png; path = background.png; sourceTree = "<group>"; };
		B5B264241B7F681200CCF001 /* bamboo.jpg */ = {isa = PBXFileReference; lastKnownFileType = image.jpeg; path = bamboo.jpg; sourceTree = "<group>"; };
		B5B264251B7F681200CCF001 /* ben.jpg */ = {isa = PBXFileReference; lastKnownFileType = image.jpeg; path = ben.jpg; sourceTree = "<group>"; };
		B5B264261B7F681200CCF001 /* camera.png */ = {isa = PBXFileReference; lastKnownFileType = image.png; path = camera.png; sourceTree = "<group>"; };
		B5B264271B7F681200CCF001 /* camera_new.png */ = {isa = PBXFileReference; lastKnownFileType = image.png; path = camera_new.png; sourceTree = "<group>"; };
		B5B264281B7F681200CCF001 /* category.png */ = {isa = PBXFileReference; lastKnownFileType = image.png; path = category.png; sourceTree = "<group>"; };
		B5B264291B7F681200CCF001 /* category_new.png */ = {isa = PBXFileReference; lastKnownFileType = image.png; path = category_new.png; sourceTree = "<group>"; };
		B5B2642A1B7F681200CCF001 /* chart.png */ = {isa = PBXFileReference; lastKnownFileType = image.png; path = chart.png; sourceTree = "<group>"; };
		B5B2642B1B7F681200CCF001 /* circular.xml */ = {isa = PBXFileReference; fileEncoding = 4; lastKnownFileType = text.xml; path = circular.xml; sourceTree = "<group>"; };
		B5B2642C1B7F681200CCF001 /* delete.png */ = {isa = PBXFileReference; lastKnownFileType = image.png; path = delete.png; sourceTree = "<group>"; };
		B5B2642D1B7F681200CCF001 /* dollar.png */ = {isa = PBXFileReference; lastKnownFileType = image.png; path = dollar.png; sourceTree = "<group>"; };
		B5B2642E1B7F681200CCF001 /* drawer_list_selector.xml */ = {isa = PBXFileReference; fileEncoding = 4; lastKnownFileType = text.xml; path = drawer_list_selector.xml; sourceTree = "<group>"; };
		B5B2642F1B7F681200CCF001 /* edit.png */ = {isa = PBXFileReference; lastKnownFileType = image.png; path = edit.png; sourceTree = "<group>"; };
		B5B264301B7F681200CCF001 /* edit_new.png */ = {isa = PBXFileReference; lastKnownFileType = image.png; path = edit_new.png; sourceTree = "<group>"; };
		B5B264311B7F681200CCF001 /* edittext.xml */ = {isa = PBXFileReference; fileEncoding = 4; lastKnownFileType = text.xml; path = edittext.xml; sourceTree = "<group>"; };
		B5B264321B7F681200CCF001 /* fab_add.png */ = {isa = PBXFileReference; lastKnownFileType = image.png; path = fab_add.png; sourceTree = "<group>"; };
		B5B264331B7F681200CCF001 /* ic_arrow_back_white_24dp.png */ = {isa = PBXFileReference; lastKnownFileType = image.png; path = ic_arrow_back_white_24dp.png; sourceTree = "<group>"; };
		B5B264341B7F681200CCF001 /* ic_hotel_grey600_24dp.png */ = {isa = PBXFileReference; lastKnownFileType = image.png; path = ic_hotel_grey600_24dp.png; sourceTree = "<group>"; };
		B5B264351B7F681200CCF001 /* ic_launcher.png */ = {isa = PBXFileReference; lastKnownFileType = image.png; path = ic_launcher.png; sourceTree = "<group>"; };
		B5B264361B7F681200CCF001 /* ic_mic_white_24dp.png */ = {isa = PBXFileReference; lastKnownFileType = image.png; path = ic_mic_white_24dp.png; sourceTree = "<group>"; };
		B5B264371B7F681200CCF001 /* ic_settings_black_24dp.png */ = {isa = PBXFileReference; lastKnownFileType = image.png; path = ic_settings_black_24dp.png; sourceTree = "<group>"; };
		B5B264381B7F681200CCF001 /* iow.png */ = {isa = PBXFileReference; lastKnownFileType = image.png; path = iow.png; sourceTree = "<group>"; };
		B5B264391B7F681200CCF001 /* login.png */ = {isa = PBXFileReference; lastKnownFileType = image.png; path = login.png; sourceTree = "<group>"; };
		B5B2643A1B7F681200CCF001 /* logout.png */ = {isa = PBXFileReference; lastKnownFileType = image.png; path = logout.png; sourceTree = "<group>"; };
		B5B2643B1B7F681200CCF001 /* mat2.jpg */ = {isa = PBXFileReference; lastKnownFileType = image.jpeg; path = mat2.jpg; sourceTree = "<group>"; };
		B5B2643C1B7F681200CCF001 /* mat3.jpg */ = {isa = PBXFileReference; lastKnownFileType = image.jpeg; path = mat3.jpg; sourceTree = "<group>"; };
		B5B2643D1B7F681200CCF001 /* money_new.png */ = {isa = PBXFileReference; lastKnownFileType = image.png; path = money_new.png; sourceTree = "<group>"; };
		B5B2643E1B7F681200CCF001 /* name.png */ = {isa = PBXFileReference; lastKnownFileType = image.png; path = name.png; sourceTree = "<group>"; };
		B5B2643F1B7F681200CCF001 /* oval.xml */ = {isa = PBXFileReference; fileEncoding = 4; lastKnownFileType = text.xml; path = oval.xml; sourceTree = "<group>"; };
		B5B264401B7F681200CCF001 /* oval_green.xml */ = {isa = PBXFileReference; fileEncoding = 4; lastKnownFileType = text.xml; path = oval_green.xml; sourceTree = "<group>"; };
		B5B264411B7F681200CCF001 /* photo.jpg */ = {isa = PBXFileReference; lastKnownFileType = image.jpeg; path = photo.jpg; sourceTree = "<group>"; };
		B5B264421B7F681200CCF001 /* photo2.jpg */ = {isa = PBXFileReference; lastKnownFileType = image.jpeg; path = photo2.jpg; sourceTree = "<group>"; };
		B5B264431B7F681200CCF001 /* product.png */ = {isa = PBXFileReference; lastKnownFileType = image.png; path = product.png; sourceTree = "<group>"; };
		B5B264441B7F681200CCF001 /* receipt.png */ = {isa = PBXFileReference; lastKnownFileType = image.png; path = receipt.png; sourceTree = "<group>"; };
		B5B264451B7F681200CCF001 /* receipt_24.png */ = {isa = PBXFileReference; lastKnownFileType = image.png; path = receipt_24.png; sourceTree = "<group>"; };
		B5B264461B7F681200CCF001 /* receipt_small.png */ = {isa = PBXFileReference; lastKnownFileType = image.png; path = receipt_small.png; sourceTree = "<group>"; };
		B5B264471B7F681200CCF001 /* rounded_corner.xml */ = {isa = PBXFileReference; fileEncoding = 4; lastKnownFileType = text.xml; path = rounded_corner.xml; sourceTree = "<group>"; };
		B5B264481B7F681200CCF001 /* rounded_corner_side.xml */ = {isa = PBXFileReference; fileEncoding = 4; lastKnownFileType = text.xml; path = rounded_corner_side.xml; sourceTree = "<group>"; };
		B5B264491B7F681200CCF001 /* save.png */ = {isa = PBXFileReference; lastKnownFileType = image.png; path = save.png; sourceTree = "<group>"; };
		B5B2644A1B7F681200CCF001 /* save_new.png */ = {isa = PBXFileReference; lastKnownFileType = image.png; path = save_new.png; sourceTree = "<group>"; };
		B5B2644B1B7F681200CCF001 /* save_small.png */ = {isa = PBXFileReference; lastKnownFileType = image.png; path = save_small.png; sourceTree = "<group>"; };
		B5B2644C1B7F681200CCF001 /* search.png */ = {isa = PBXFileReference; lastKnownFileType = image.png; path = search.png; sourceTree = "<group>"; };
		B5B2644D1B7F681200CCF001 /* shop.png */ = {isa = PBXFileReference; lastKnownFileType = image.png; path = shop.png; sourceTree = "<group>"; };
		B5B2644E1B7F681200CCF001 /* slipbook.png */ = {isa = PBXFileReference; lastKnownFileType = image.png; path = slipbook.png; sourceTree = "<group>"; };
		B5B2644F1B7F681200CCF001 /* stats.png */ = {isa = PBXFileReference; lastKnownFileType = image.png; path = stats.png; sourceTree = "<group>"; };
		B5B264501B7F681200CCF001 /* store.png */ = {isa = PBXFileReference; lastKnownFileType = image.png; path = store.png; sourceTree = "<group>"; };
		B5B264511B7F681200CCF001 /* sync.png */ = {isa = PBXFileReference; lastKnownFileType = image.png; path = sync.png; sourceTree = "<group>"; };
		B5B264521B7F681200CCF001 /* time.png */ = {isa = PBXFileReference; lastKnownFileType = image.png; path = time.png; sourceTree = "<group>"; };
		B5B264531B7F681200CCF001 /* upload.png */ = {isa = PBXFileReference; lastKnownFileType = image.png; path = upload.png; sourceTree = "<group>"; };
		B5B264541B7F681200CCF001 /* user_icon_corner.xml */ = {isa = PBXFileReference; fileEncoding = 4; lastKnownFileType = text.xml; path = user_icon_corner.xml; sourceTree = "<group>"; };
		FC2008D21B8C7C02000693F0 /* SBCategoryDisplayCell.swift */ = {isa = PBXFileReference; fileEncoding = 4; lastKnownFileType = sourcecode.swift; path = SBCategoryDisplayCell.swift; sourceTree = "<group>"; };
		FC2008D41B8C7D45000693F0 /* SBLocalSortCache.swift */ = {isa = PBXFileReference; fileEncoding = 4; lastKnownFileType = sourcecode.swift; path = SBLocalSortCache.swift; sourceTree = "<group>"; };
		FC3F05871B91C61700743AAD /* SearchResultsController.swift */ = {isa = PBXFileReference; fileEncoding = 4; lastKnownFileType = sourcecode.swift; path = SearchResultsController.swift; sourceTree = "<group>"; };
		FC5CF0911B7DA17C009324BC /* SlipbookDataModel.xcdatamodel */ = {isa = PBXFileReference; lastKnownFileType = wrapper.xcdatamodel; path = SlipbookDataModel.xcdatamodel; sourceTree = "<group>"; };
		FC5CF0931B7DA439009324BC /* CoreData.framework */ = {isa = PBXFileReference; lastKnownFileType = wrapper.framework; name = CoreData.framework; path = System/Library/Frameworks/CoreData.framework; sourceTree = SDKROOT; };
		FC6C3F311B6C5F89003C501A /* SBImageUtils.swift */ = {isa = PBXFileReference; fileEncoding = 4; lastKnownFileType = sourcecode.swift; path = SBImageUtils.swift; sourceTree = "<group>"; };
		FC6C3F3C1B6C7FCA003C501A /* SBDetailViewController.swift */ = {isa = PBXFileReference; fileEncoding = 4; lastKnownFileType = sourcecode.swift; path = SBDetailViewController.swift; sourceTree = "<group>"; };
		FC6C3F3E1B6C7FE6003C501A /* SBNetworking.swift */ = {isa = PBXFileReference; fileEncoding = 4; lastKnownFileType = sourcecode.swift; path = SBNetworking.swift; sourceTree = "<group>"; };
		FC6C3F991B6C8DD0003C501A /* SBSearch.swift */ = {isa = PBXFileReference; fileEncoding = 4; lastKnownFileType = sourcecode.swift; path = SBSearch.swift; sourceTree = "<group>"; };
		FC6C3F9B1B6CAB18003C501A /* SBAddViewController.swift */ = {isa = PBXFileReference; fileEncoding = 4; lastKnownFileType = sourcecode.swift; path = SBAddViewController.swift; sourceTree = "<group>"; };
		FC6E134F1B64A5950038A7BC /* Slipbook.app */ = {isa = PBXFileReference; explicitFileType = wrapper.application; includeInIndex = 0; path = Slipbook.app; sourceTree = BUILT_PRODUCTS_DIR; };
		FC6E13531B64A5950038A7BC /* Info.plist */ = {isa = PBXFileReference; lastKnownFileType = text.plist.xml; path = Info.plist; sourceTree = "<group>"; };
		FC6E13541B64A5950038A7BC /* AppDelegate.swift */ = {isa = PBXFileReference; lastKnownFileType = sourcecode.swift; path = AppDelegate.swift; sourceTree = "<group>"; };
		FC6E13591B64A5950038A7BC /* Base */ = {isa = PBXFileReference; lastKnownFileType = file.storyboard; name = Base; path = Base.lproj/Main.storyboard; sourceTree = "<group>"; };
		FC6E135B1B64A5950038A7BC /* Images.xcassets */ = {isa = PBXFileReference; lastKnownFileType = folder.assetcatalog; path = Images.xcassets; sourceTree = "<group>"; };
		FC6E135E1B64A5950038A7BC /* Base */ = {isa = PBXFileReference; lastKnownFileType = file.xib; name = Base; path = Base.lproj/LaunchScreen.xib; sourceTree = "<group>"; };
		FC6E13641B64A5950038A7BC /* SlipbookTests.xctest */ = {isa = PBXFileReference; explicitFileType = wrapper.cfbundle; includeInIndex = 0; path = SlipbookTests.xctest; sourceTree = BUILT_PRODUCTS_DIR; };
		FC6E13691B64A5950038A7BC /* Info.plist */ = {isa = PBXFileReference; lastKnownFileType = text.plist.xml; path = Info.plist; sourceTree = "<group>"; };
		FC6E136A1B64A5950038A7BC /* SlipbookTests.swift */ = {isa = PBXFileReference; lastKnownFileType = sourcecode.swift; path = SlipbookTests.swift; sourceTree = "<group>"; };
		FC6E137E1B64B4100038A7BC /* SBDisplayViewCell.swift */ = {isa = PBXFileReference; fileEncoding = 4; lastKnownFileType = sourcecode.swift; path = SBDisplayViewCell.swift; sourceTree = "<group>"; };
		FC969C3C1B7DF4E100659D6D /* SBCoreData.swift */ = {isa = PBXFileReference; fileEncoding = 4; lastKnownFileType = sourcecode.swift; path = SBCoreData.swift; sourceTree = "<group>"; };
		FC969C451B801B9000659D6D /* SBStoreDisplayViewController.swift */ = {isa = PBXFileReference; fileEncoding = 4; lastKnownFileType = sourcecode.swift; path = SBStoreDisplayViewController.swift; sourceTree = "<group>"; };
		FC969C471B801BD700659D6D /* SBCategoryDisplayViewController.swift */ = {isa = PBXFileReference; fileEncoding = 4; lastKnownFileType = sourcecode.swift; path = SBCategoryDisplayViewController.swift; sourceTree = "<group>"; };
		FC969C491B80205900659D6D /* SBStoreDisplayCell.swift */ = {isa = PBXFileReference; fileEncoding = 4; lastKnownFileType = sourcecode.swift; path = SBStoreDisplayCell.swift; sourceTree = "<group>"; };
		FC969C4B1B8065DD00659D6D /* SBLocalTempSave.swift */ = {isa = PBXFileReference; fileEncoding = 4; lastKnownFileType = sourcecode.swift; path = SBLocalTempSave.swift; sourceTree = "<group>"; };
		FC969C501B80692A00659D6D /* SBProductImageViewController.swift */ = {isa = PBXFileReference; fileEncoding = 4; lastKnownFileType = sourcecode.swift; path = SBProductImageViewController.swift; sourceTree = "<group>"; };
		FC969C541B806E7500659D6D /* SBProductImageCell.swift */ = {isa = PBXFileReference; fileEncoding = 4; lastKnownFileType = sourcecode.swift; path = SBProductImageCell.swift; sourceTree = "<group>"; };
		FC99F9661B8B1DBA000761CC /* SBReceiptImageViewController.swift */ = {isa = PBXFileReference; fileEncoding = 4; lastKnownFileType = sourcecode.swift; path = SBReceiptImageViewController.swift; sourceTree = "<group>"; };
		FCD272351BA01A8C00554A5E /* SBDetailViewStore.swift */ = {isa = PBXFileReference; fileEncoding = 4; lastKnownFileType = sourcecode.swift; path = SBDetailViewStore.swift; sourceTree = "<group>"; };
		FCD272371BA0239E00554A5E /* SBReceiptImageCell.swift */ = {isa = PBXFileReference; fileEncoding = 4; lastKnownFileType = sourcecode.swift; path = SBReceiptImageCell.swift; sourceTree = "<group>"; };
		FCF412A11B6DDF210035F5A5 /* Contents.json */ = {isa = PBXFileReference; fileEncoding = 4; lastKnownFileType = text.json; path = Contents.json; sourceTree = "<group>"; };
		FCF412A21B6DDF210035F5A5 /* Icon-40.png */ = {isa = PBXFileReference; lastKnownFileType = image.png; path = "Icon-40.png"; sourceTree = "<group>"; };
		FCF412A31B6DDF210035F5A5 /* Icon-40@2x.png */ = {isa = PBXFileReference; lastKnownFileType = image.png; path = "Icon-40@2x.png"; sourceTree = "<group>"; };
		FCF412A41B6DDF210035F5A5 /* Icon-40@3x.png */ = {isa = PBXFileReference; lastKnownFileType = image.png; path = "Icon-40@3x.png"; sourceTree = "<group>"; };
		FCF412A51B6DDF210035F5A5 /* Icon-60@2x.png */ = {isa = PBXFileReference; lastKnownFileType = image.png; path = "Icon-60@2x.png"; sourceTree = "<group>"; };
		FCF412A61B6DDF210035F5A5 /* Icon-60@3x.png */ = {isa = PBXFileReference; lastKnownFileType = image.png; path = "Icon-60@3x.png"; sourceTree = "<group>"; };
		FCF412A71B6DDF210035F5A5 /* Icon-76.png */ = {isa = PBXFileReference; lastKnownFileType = image.png; path = "Icon-76.png"; sourceTree = "<group>"; };
		FCF412A81B6DDF210035F5A5 /* Icon-76@2x.png */ = {isa = PBXFileReference; lastKnownFileType = image.png; path = "Icon-76@2x.png"; sourceTree = "<group>"; };
		FCF412A91B6DDF210035F5A5 /* Icon-Small.png */ = {isa = PBXFileReference; lastKnownFileType = image.png; path = "Icon-Small.png"; sourceTree = "<group>"; };
		FCF412AA1B6DDF210035F5A5 /* Icon-Small@2x.png */ = {isa = PBXFileReference; lastKnownFileType = image.png; path = "Icon-Small@2x.png"; sourceTree = "<group>"; };
		FCF412AB1B6DDF210035F5A5 /* Icon-Small@3x.png */ = {isa = PBXFileReference; lastKnownFileType = image.png; path = "Icon-Small@3x.png"; sourceTree = "<group>"; };
		FCF412AC1B6DDF210035F5A5 /* Icon-60.png */ = {isa = PBXFileReference; lastKnownFileType = image.png; path = "Icon-60.png"; sourceTree = "<group>"; };
		FCF412AD1B6DDF210035F5A5 /* Icon-72.png */ = {isa = PBXFileReference; lastKnownFileType = image.png; path = "Icon-72.png"; sourceTree = "<group>"; };
		FCF412AE1B6DDF210035F5A5 /* Icon-72@2x.png */ = {isa = PBXFileReference; lastKnownFileType = image.png; path = "Icon-72@2x.png"; sourceTree = "<group>"; };
		FCF412AF1B6DDF210035F5A5 /* Icon-Small-50.png */ = {isa = PBXFileReference; lastKnownFileType = image.png; path = "Icon-Small-50.png"; sourceTree = "<group>"; };
		FCF412B01B6DDF210035F5A5 /* Icon-Small-50@2x.png */ = {isa = PBXFileReference; lastKnownFileType = image.png; path = "Icon-Small-50@2x.png"; sourceTree = "<group>"; };
		FCF412B11B6DDF210035F5A5 /* Icon.png */ = {isa = PBXFileReference; lastKnownFileType = image.png; path = Icon.png; sourceTree = "<group>"; };
		FCF412B21B6DDF210035F5A5 /* Icon@2x.png */ = {isa = PBXFileReference; lastKnownFileType = image.png; path = "Icon@2x.png"; sourceTree = "<group>"; };
		FCF412B31B6DDF210035F5A5 /* iTunesArtwork.png */ = {isa = PBXFileReference; lastKnownFileType = image.png; path = iTunesArtwork.png; sourceTree = "<group>"; };
		FCF412B41B6DDF210035F5A5 /* iTunesArtwork@2x.png */ = {isa = PBXFileReference; lastKnownFileType = image.png; path = "iTunesArtwork@2x.png"; sourceTree = "<group>"; };
		FCF412B51B6DDF210035F5A5 /* README.md */ = {isa = PBXFileReference; fileEncoding = 4; lastKnownFileType = net.daringfireball.markdown; path = README.md; sourceTree = "<group>"; };
		FCF412CB1B6E0D350035F5A5 /* SBShowEditInfoViewController.swift */ = {isa = PBXFileReference; fileEncoding = 4; lastKnownFileType = sourcecode.swift; path = SBShowEditInfoViewController.swift; sourceTree = "<group>"; };
		FCF4AA6D1B6A1F49005C89F3 /* SBDisplayViewController.swift */ = {isa = PBXFileReference; fileEncoding = 4; lastKnownFileType = sourcecode.swift; lineEnding = 0; path = SBDisplayViewController.swift; sourceTree = "<group>"; };
		FCF4AA6F1B6A1FE7005C89F3 /* SBReceiptLocalManager.swift */ = {isa = PBXFileReference; fileEncoding = 4; lastKnownFileType = sourcecode.swift; path = SBReceiptLocalManager.swift; sourceTree = "<group>"; };
		FCF4AA711B6A2220005C89F3 /* Slipbook-Bridging-Header.h */ = {isa = PBXFileReference; lastKnownFileType = sourcecode.c.h; path = "Slipbook-Bridging-Header.h"; sourceTree = "<group>"; };
		FCF908341B908268005169A2 /* swift.swift */ = {isa = PBXFileReference; fileEncoding = 4; lastKnownFileType = sourcecode.swift; name = swift.swift; path = ../swift.swift; sourceTree = "<group>"; };
/* End PBXFileReference section */

/* Begin PBXFrameworksBuildPhase section */
		FC6E134C1B64A5950038A7BC /* Frameworks */ = {
			isa = PBXFrameworksBuildPhase;
			buildActionMask = 2147483647;
			files = (
				FC5CF0941B7DA439009324BC /* CoreData.framework in Frameworks */,
			);
			runOnlyForDeploymentPostprocessing = 0;
		};
		FC6E13611B64A5950038A7BC /* Frameworks */ = {
			isa = PBXFrameworksBuildPhase;
			buildActionMask = 2147483647;
			files = (
			);
			runOnlyForDeploymentPostprocessing = 0;
		};
/* End PBXFrameworksBuildPhase section */

/* Begin PBXGroup section */
		B5B2641C1B7F681200CCF001 /* drawable-hdpi */ = {
			isa = PBXGroup;
			children = (
				B5B2641D1B7F681200CCF001 /* accept.png */,
				B5B2641E1B7F681200CCF001 /* action_bar_color.xml */,
				B5B2641F1B7F681200CCF001 /* add.png */,
				B5B264201B7F681200CCF001 /* addtwo.png */,
				B5B264211B7F681200CCF001 /* app_icon.png */,
				B5B264221B7F681200CCF001 /* back_arrow.png */,
				B5B264231B7F681200CCF001 /* background.png */,
				B5B264241B7F681200CCF001 /* bamboo.jpg */,
				B5B264251B7F681200CCF001 /* ben.jpg */,
				B5B264261B7F681200CCF001 /* camera.png */,
				B5B264271B7F681200CCF001 /* camera_new.png */,
				B5B264281B7F681200CCF001 /* category.png */,
				B5B264291B7F681200CCF001 /* category_new.png */,
				B5B2642A1B7F681200CCF001 /* chart.png */,
				B5B2642B1B7F681200CCF001 /* circular.xml */,
				B5B2642C1B7F681200CCF001 /* delete.png */,
				B5B2642D1B7F681200CCF001 /* dollar.png */,
				B5B2642E1B7F681200CCF001 /* drawer_list_selector.xml */,
				B5B2642F1B7F681200CCF001 /* edit.png */,
				B5B264301B7F681200CCF001 /* edit_new.png */,
				B5B264311B7F681200CCF001 /* edittext.xml */,
				B5B264321B7F681200CCF001 /* fab_add.png */,
				B5B264331B7F681200CCF001 /* ic_arrow_back_white_24dp.png */,
				B5B264341B7F681200CCF001 /* ic_hotel_grey600_24dp.png */,
				B5B264351B7F681200CCF001 /* ic_launcher.png */,
				B5B264361B7F681200CCF001 /* ic_mic_white_24dp.png */,
				B5B264371B7F681200CCF001 /* ic_settings_black_24dp.png */,
				B5B264381B7F681200CCF001 /* iow.png */,
				B5B264391B7F681200CCF001 /* login.png */,
				B5B2643A1B7F681200CCF001 /* logout.png */,
				B5B2643B1B7F681200CCF001 /* mat2.jpg */,
				B5B2643C1B7F681200CCF001 /* mat3.jpg */,
				B5B2643D1B7F681200CCF001 /* money_new.png */,
				B5B2643E1B7F681200CCF001 /* name.png */,
				B5B2643F1B7F681200CCF001 /* oval.xml */,
				B5B264401B7F681200CCF001 /* oval_green.xml */,
				B5B264411B7F681200CCF001 /* photo.jpg */,
				B5B264421B7F681200CCF001 /* photo2.jpg */,
				B5B264431B7F681200CCF001 /* product.png */,
				B5B264441B7F681200CCF001 /* receipt.png */,
				B5B264451B7F681200CCF001 /* receipt_24.png */,
				B5B264461B7F681200CCF001 /* receipt_small.png */,
				B5B264471B7F681200CCF001 /* rounded_corner.xml */,
				B5B264481B7F681200CCF001 /* rounded_corner_side.xml */,
				B5B264491B7F681200CCF001 /* save.png */,
				B5B2644A1B7F681200CCF001 /* save_new.png */,
				B5B2644B1B7F681200CCF001 /* save_small.png */,
				B5B2644C1B7F681200CCF001 /* search.png */,
				B5B2644D1B7F681200CCF001 /* shop.png */,
				B5B2644E1B7F681200CCF001 /* slipbook.png */,
				B5B2644F1B7F681200CCF001 /* stats.png */,
				B5B264501B7F681200CCF001 /* store.png */,
				B5B264511B7F681200CCF001 /* sync.png */,
				B5B264521B7F681200CCF001 /* time.png */,
				B5B264531B7F681200CCF001 /* upload.png */,
				B5B264541B7F681200CCF001 /* user_icon_corner.xml */,
			);
			path = "drawable-hdpi";
			sourceTree = "<group>";
		};
		FC6C3F331B6C61D1003C501A /* ignore */ = {
			isa = PBXGroup;
			children = (
				FCF4AA711B6A2220005C89F3 /* Slipbook-Bridging-Header.h */,
			);
			name = ignore;
			sourceTree = "<group>";
		};
		FC6E13461B64A5950038A7BC = {
			isa = PBXGroup;
			children = (
				FC5CF0931B7DA439009324BC /* CoreData.framework */,
				FC6E13511B64A5950038A7BC /* Slipbook */,
				FC6E13671B64A5950038A7BC /* SlipbookTests */,
				FC6E13501B64A5950038A7BC /* Products */,
			);
			sourceTree = "<group>";
		};
		FC6E13501B64A5950038A7BC /* Products */ = {
			isa = PBXGroup;
			children = (
				FC6E134F1B64A5950038A7BC /* Slipbook.app */,
				FC6E13641B64A5950038A7BC /* SlipbookTests.xctest */,
			);
			name = Products;
			sourceTree = "<group>";
		};
		FC6E13511B64A5950038A7BC /* Slipbook */ = {
			isa = PBXGroup;
			children = (
				FCF908341B908268005169A2 /* swift.swift */,
				FC969C3B1B7DF4B000659D6D /* phased */,
				FC6C3F331B6C61D1003C501A /* ignore */,
				FC5CF0901B7DA17C009324BC /* SlipbookDataModel.xcdatamodeld */,
				FC6E13541B64A5950038A7BC /* AppDelegate.swift */,
				FC6E13581B64A5950038A7BC /* Main.storyboard */,
				FC6E135B1B64A5950038A7BC /* Images.xcassets */,
				FC6E135D1B64A5950038A7BC /* LaunchScreen.xib */,
				FC6E137E1B64B4100038A7BC /* SBDisplayViewCell.swift */,
				FCF4AA6D1B6A1F49005C89F3 /* SBDisplayViewController.swift */,
				FC6C3F311B6C5F89003C501A /* SBImageUtils.swift */,
				FC6C3F3E1B6C7FE6003C501A /* SBNetworking.swift */,
				FC6C3F991B6C8DD0003C501A /* SBSearch.swift */,
				FC6C3F3C1B6C7FCA003C501A /* SBDetailViewController.swift */,
				FC6C3F9B1B6CAB18003C501A /* SBAddViewController.swift */,
				FC969C3C1B7DF4E100659D6D /* SBCoreData.swift */,
				FC969C4B1B8065DD00659D6D /* SBLocalTempSave.swift */,
				FC969C501B80692A00659D6D /* SBProductImageViewController.swift */,
				FC969C541B806E7500659D6D /* SBProductImageCell.swift */,
				FCD272371BA0239E00554A5E /* SBReceiptImageCell.swift */,
				FC99F9661B8B1DBA000761CC /* SBReceiptImageViewController.swift */,
				FC2008D41B8C7D45000693F0 /* SBLocalSortCache.swift */,
				FC969C491B80205900659D6D /* SBStoreDisplayCell.swift */,
				FC2008D21B8C7C02000693F0 /* SBCategoryDisplayCell.swift */,
				FC969C471B801BD700659D6D /* SBCategoryDisplayViewController.swift */,
				FC969C451B801B9000659D6D /* SBStoreDisplayViewController.swift */,
				FC3F05871B91C61700743AAD /* SearchResultsController.swift */,
				FC6E13521B64A5950038A7BC /* Supporting Files */,
				FCD272351BA01A8C00554A5E /* SBDetailViewStore.swift */,
			);
			path = Slipbook;
			sourceTree = "<group>";
		};
		FC6E13521B64A5950038A7BC /* Supporting Files */ = {
			isa = PBXGroup;
			children = (
				B5B2641C1B7F681200CCF001 /* drawable-hdpi */,
				FCF4129F1B6DDF210035F5A5 /* ios */,
				FC6E13531B64A5950038A7BC /* Info.plist */,
			);
			name = "Supporting Files";
			sourceTree = "<group>";
		};
		FC6E13671B64A5950038A7BC /* SlipbookTests */ = {
			isa = PBXGroup;
			children = (
				FC6E136A1B64A5950038A7BC /* SlipbookTests.swift */,
				FC6E13681B64A5950038A7BC /* Supporting Files */,
			);
			path = SlipbookTests;
			sourceTree = "<group>";
		};
		FC6E13681B64A5950038A7BC /* Supporting Files */ = {
			isa = PBXGroup;
			children = (
				FC6E13691B64A5950038A7BC /* Info.plist */,
			);
			name = "Supporting Files";
			sourceTree = "<group>";
		};
		FC969C3B1B7DF4B000659D6D /* phased */ = {
			isa = PBXGroup;
			children = (
				FCF412CB1B6E0D350035F5A5 /* SBShowEditInfoViewController.swift */,
				FCF4AA6F1B6A1FE7005C89F3 /* SBReceiptLocalManager.swift */,
			);
			name = phased;
			sourceTree = "<group>";
		};
		FCF4129F1B6DDF210035F5A5 /* ios */ = {
			isa = PBXGroup;
			children = (
				FCF412A01B6DDF210035F5A5 /* AppIcon.appiconset */,
				FCF412AC1B6DDF210035F5A5 /* Icon-60.png */,
				FCF412AD1B6DDF210035F5A5 /* Icon-72.png */,
				FCF412AE1B6DDF210035F5A5 /* Icon-72@2x.png */,
				FCF412AF1B6DDF210035F5A5 /* Icon-Small-50.png */,
				FCF412B01B6DDF210035F5A5 /* Icon-Small-50@2x.png */,
				FCF412B11B6DDF210035F5A5 /* Icon.png */,
				FCF412B21B6DDF210035F5A5 /* Icon@2x.png */,
				FCF412B31B6DDF210035F5A5 /* iTunesArtwork.png */,
				FCF412B41B6DDF210035F5A5 /* iTunesArtwork@2x.png */,
				FCF412B51B6DDF210035F5A5 /* README.md */,
			);
			path = ios;
			sourceTree = "<group>";
		};
		FCF412A01B6DDF210035F5A5 /* AppIcon.appiconset */ = {
			isa = PBXGroup;
			children = (
				FCF412A11B6DDF210035F5A5 /* Contents.json */,
				FCF412A21B6DDF210035F5A5 /* Icon-40.png */,
				FCF412A31B6DDF210035F5A5 /* Icon-40@2x.png */,
				FCF412A41B6DDF210035F5A5 /* Icon-40@3x.png */,
				FCF412A51B6DDF210035F5A5 /* Icon-60@2x.png */,
				FCF412A61B6DDF210035F5A5 /* Icon-60@3x.png */,
				FCF412A71B6DDF210035F5A5 /* Icon-76.png */,
				FCF412A81B6DDF210035F5A5 /* Icon-76@2x.png */,
				FCF412A91B6DDF210035F5A5 /* Icon-Small.png */,
				FCF412AA1B6DDF210035F5A5 /* Icon-Small@2x.png */,
				FCF412AB1B6DDF210035F5A5 /* Icon-Small@3x.png */,
			);
			path = AppIcon.appiconset;
			sourceTree = "<group>";
		};
/* End PBXGroup section */

/* Begin PBXNativeTarget section */
		FC6E134E1B64A5950038A7BC /* Slipbook */ = {
			isa = PBXNativeTarget;
			buildConfigurationList = FC6E136E1B64A5950038A7BC /* Build configuration list for PBXNativeTarget "Slipbook" */;
			buildPhases = (
				FC6E134B1B64A5950038A7BC /* Sources */,
				FC6E134C1B64A5950038A7BC /* Frameworks */,
				FC6E134D1B64A5950038A7BC /* Resources */,
			);
			buildRules = (
			);
			dependencies = (
			);
			name = Slipbook;
			productName = Slipbook;
			productReference = FC6E134F1B64A5950038A7BC /* Slipbook.app */;
			productType = "com.apple.product-type.application";
		};
		FC6E13631B64A5950038A7BC /* SlipbookTests */ = {
			isa = PBXNativeTarget;
			buildConfigurationList = FC6E13711B64A5950038A7BC /* Build configuration list for PBXNativeTarget "SlipbookTests" */;
			buildPhases = (
				FC6E13601B64A5950038A7BC /* Sources */,
				FC6E13611B64A5950038A7BC /* Frameworks */,
				FC6E13621B64A5950038A7BC /* Resources */,
			);
			buildRules = (
			);
			dependencies = (
				FC6E13661B64A5950038A7BC /* PBXTargetDependency */,
			);
			name = SlipbookTests;
			productName = SlipbookTests;
			productReference = FC6E13641B64A5950038A7BC /* SlipbookTests.xctest */;
			productType = "com.apple.product-type.bundle.unit-test";
		};
/* End PBXNativeTarget section */

/* Begin PBXProject section */
		FC6E13471B64A5950038A7BC /* Project object */ = {
			isa = PBXProject;
			attributes = {
				LastUpgradeCheck = 0640;
				ORGANIZATIONNAME = Actro;
				TargetAttributes = {
					FC6E134E1B64A5950038A7BC = {
						CreatedOnToolsVersion = 6.4;
						DevelopmentTeam = KCMZENG4AG;
					};
					FC6E13631B64A5950038A7BC = {
						CreatedOnToolsVersion = 6.4;
						TestTargetID = FC6E134E1B64A5950038A7BC;
					};
				};
			};
			buildConfigurationList = FC6E134A1B64A5950038A7BC /* Build configuration list for PBXProject "Slipbook" */;
			compatibilityVersion = "Xcode 3.2";
			developmentRegion = English;
			hasScannedForEncodings = 0;
			knownRegions = (
				en,
				Base,
			);
			mainGroup = FC6E13461B64A5950038A7BC;
			productRefGroup = FC6E13501B64A5950038A7BC /* Products */;
			projectDirPath = "";
			projectRoot = "";
			targets = (
				FC6E134E1B64A5950038A7BC /* Slipbook */,
				FC6E13631B64A5950038A7BC /* SlipbookTests */,
			);
		};
/* End PBXProject section */

/* Begin PBXResourcesBuildPhase section */
		FC6E134D1B64A5950038A7BC /* Resources */ = {
			isa = PBXResourcesBuildPhase;
			buildActionMask = 2147483647;
			files = (
				B5B264621B7F681200CCF001 /* chart.png in Resources */,
				B5B264751B7F681200CCF001 /* money_new.png in Resources */,
				B5B264791B7F681200CCF001 /* photo.jpg in Resources */,
				FCF412C41B6DDF210035F5A5 /* Icon-Small-50.png in Resources */,
				B5B2645B1B7F681200CCF001 /* background.png in Resources */,
				FCF412C11B6DDF210035F5A5 /* Icon-60.png in Resources */,
				FCF412BC1B6DDF210035F5A5 /* Icon-76.png in Resources */,
				B5B2647A1B7F681200CCF001 /* photo2.jpg in Resources */,
				B5B2647F1B7F681200CCF001 /* rounded_corner.xml in Resources */,
				B5B264561B7F681200CCF001 /* action_bar_color.xml in Resources */,
				B5B264811B7F681200CCF001 /* save.png in Resources */,
				B5B264641B7F681200CCF001 /* delete.png in Resources */,
				B5B264891B7F681200CCF001 /* sync.png in Resources */,
				B5B2646C1B7F681200CCF001 /* ic_hotel_grey600_24dp.png in Resources */,
				B5B2645F1B7F681200CCF001 /* camera_new.png in Resources */,
				B5B264831B7F681200CCF001 /* save_small.png in Resources */,
				B5B264591B7F681200CCF001 /* app_icon.png in Resources */,
				B5B264861B7F681200CCF001 /* slipbook.png in Resources */,
				FCF412C31B6DDF210035F5A5 /* Icon-72@2x.png in Resources */,
				B5B2645A1B7F681200CCF001 /* back_arrow.png in Resources */,
				FCF412B61B6DDF210035F5A5 /* Contents.json in Resources */,
				FCF412B81B6DDF210035F5A5 /* Icon-40@2x.png in Resources */,
				FC6E135A1B64A5950038A7BC /* Main.storyboard in Resources */,
				B5B2645D1B7F681200CCF001 /* ben.jpg in Resources */,
				FCF412C91B6DDF210035F5A5 /* iTunesArtwork@2x.png in Resources */,
				FCF412BD1B6DDF210035F5A5 /* Icon-76@2x.png in Resources */,
				FCF412B71B6DDF210035F5A5 /* Icon-40.png in Resources */,
				B5B264801B7F681200CCF001 /* rounded_corner_side.xml in Resources */,
				FCF412BF1B6DDF210035F5A5 /* Icon-Small@2x.png in Resources */,
				B5B2646F1B7F681200CCF001 /* ic_settings_black_24dp.png in Resources */,
				B5B264651B7F681200CCF001 /* dollar.png in Resources */,
				B5B264851B7F681200CCF001 /* shop.png in Resources */,
				FCF412C01B6DDF210035F5A5 /* Icon-Small@3x.png in Resources */,
				FCF412BE1B6DDF210035F5A5 /* Icon-Small.png in Resources */,
				FCF412C81B6DDF210035F5A5 /* iTunesArtwork.png in Resources */,
				FCF412BA1B6DDF210035F5A5 /* Icon-60@2x.png in Resources */,
				B5B264871B7F681200CCF001 /* stats.png in Resources */,
				FC6E135F1B64A5950038A7BC /* LaunchScreen.xib in Resources */,
				B5B264881B7F681200CCF001 /* store.png in Resources */,
				B5B264661B7F681200CCF001 /* drawer_list_selector.xml in Resources */,
				B5B264841B7F681200CCF001 /* search.png in Resources */,
				B5B264611B7F681200CCF001 /* category_new.png in Resources */,
				FCF412C21B6DDF210035F5A5 /* Icon-72.png in Resources */,
				B5B2645E1B7F681200CCF001 /* camera.png in Resources */,
				FCF412C71B6DDF210035F5A5 /* Icon@2x.png in Resources */,
				B5B2646D1B7F681200CCF001 /* ic_launcher.png in Resources */,
				FCF412C61B6DDF210035F5A5 /* Icon.png in Resources */,
				FCF412B91B6DDF210035F5A5 /* Icon-40@3x.png in Resources */,
				B5B2648B1B7F681200CCF001 /* upload.png in Resources */,
				FCF412BB1B6DDF210035F5A5 /* Icon-60@3x.png in Resources */,
				B5B264741B7F681200CCF001 /* mat3.jpg in Resources */,
				B5B2646E1B7F681200CCF001 /* ic_mic_white_24dp.png in Resources */,
				B5B264721B7F681200CCF001 /* logout.png in Resources */,
				B5B264601B7F681200CCF001 /* category.png in Resources */,
				B5B2647B1B7F681200CCF001 /* product.png in Resources */,
				B5B264551B7F681200CCF001 /* accept.png in Resources */,
				B5B264671B7F681200CCF001 /* edit.png in Resources */,
				B5B2646B1B7F681200CCF001 /* ic_arrow_back_white_24dp.png in Resources */,
				B5B2645C1B7F681200CCF001 /* bamboo.jpg in Resources */,
				B5B264701B7F681200CCF001 /* iow.png in Resources */,
				FCF412C51B6DDF210035F5A5 /* Icon-Small-50@2x.png in Resources */,
				B5B2647E1B7F681200CCF001 /* receipt_small.png in Resources */,
				B5B2647D1B7F681200CCF001 /* receipt_24.png in Resources */,
				B5B264781B7F681200CCF001 /* oval_green.xml in Resources */,
				B5B264681B7F681200CCF001 /* edit_new.png in Resources */,
				FC6E135C1B64A5950038A7BC /* Images.xcassets in Resources */,
				B5B2648C1B7F681200CCF001 /* user_icon_corner.xml in Resources */,
				B5B264821B7F681200CCF001 /* save_new.png in Resources */,
				B5B264571B7F681200CCF001 /* add.png in Resources */,
				B5B264761B7F681200CCF001 /* name.png in Resources */,
				B5B264771B7F681200CCF001 /* oval.xml in Resources */,
				B5B264631B7F681200CCF001 /* circular.xml in Resources */,
				B5B264731B7F681200CCF001 /* mat2.jpg in Resources */,
				B5B2647C1B7F681200CCF001 /* receipt.png in Resources */,
				B5B264691B7F681200CCF001 /* edittext.xml in Resources */,
				B5B264711B7F681200CCF001 /* login.png in Resources */,
				B5B2646A1B7F681200CCF001 /* fab_add.png in Resources */,
				B5B2648A1B7F681200CCF001 /* time.png in Resources */,
				B5B264581B7F681200CCF001 /* addtwo.png in Resources */,
			);
			runOnlyForDeploymentPostprocessing = 0;
		};
		FC6E13621B64A5950038A7BC /* Resources */ = {
			isa = PBXResourcesBuildPhase;
			buildActionMask = 2147483647;
			files = (
			);
			runOnlyForDeploymentPostprocessing = 0;
		};
/* End PBXResourcesBuildPhase section */

/* Begin PBXSourcesBuildPhase section */
		FC6E134B1B64A5950038A7BC /* Sources */ = {
			isa = PBXSourcesBuildPhase;
			buildActionMask = 2147483647;
			files = (
				FC6E13551B64A5950038A7BC /* AppDelegate.swift in Sources */,
				FCF412CC1B6E0D350035F5A5 /* SBShowEditInfoViewController.swift in Sources */,
				FCF4AA6E1B6A1F49005C89F3 /* SBDisplayViewController.swift in Sources */,
				FC969C4A1B80205900659D6D /* SBStoreDisplayCell.swift in Sources */,
				FC969C551B806E7500659D6D /* SBProductImageCell.swift in Sources */,
				FC6C3F3D1B6C7FCA003C501A /* SBDetailViewController.swift in Sources */,
				FCF4AA701B6A1FE7005C89F3 /* SBReceiptLocalManager.swift in Sources */,
				FC6C3F321B6C5F89003C501A /* SBImageUtils.swift in Sources */,
				FC6C3F9A1B6C8DD0003C501A /* SBSearch.swift in Sources */,
				FCF908351B908268005169A2 /* swift.swift in Sources */,
				FCD272361BA01A8C00554A5E /* SBDetailViewStore.swift in Sources */,
				FC3F05881B91C61700743AAD /* SearchResultsController.swift in Sources */,
				FC969C461B801B9000659D6D /* SBStoreDisplayViewController.swift in Sources */,
				FC5CF0921B7DA17C009324BC /* SlipbookDataModel.xcdatamodeld in Sources */,
				FCD272381BA0239E00554A5E /* SBReceiptImageCell.swift in Sources */,
				FC6C3F9C1B6CAB18003C501A /* SBAddViewController.swift in Sources */,
				FC969C481B801BD700659D6D /* SBCategoryDisplayViewController.swift in Sources */,
				FC6E137F1B64B4100038A7BC /* SBDisplayViewCell.swift in Sources */,
				FC6C3F3F1B6C7FE6003C501A /* SBNetworking.swift in Sources */,
				FC969C3D1B7DF4E100659D6D /* SBCoreData.swift in Sources */,
				FC99F9671B8B1DBA000761CC /* SBReceiptImageViewController.swift in Sources */,
				FC2008D51B8C7D45000693F0 /* SBLocalSortCache.swift in Sources */,
				FC2008D31B8C7C02000693F0 /* SBCategoryDisplayCell.swift in Sources */,
				FC969C511B80692A00659D6D /* SBProductImageViewController.swift in Sources */,
				FC969C4C1B8065DD00659D6D /* SBLocalTempSave.swift in Sources */,
			);
			runOnlyForDeploymentPostprocessing = 0;
		};
		FC6E13601B64A5950038A7BC /* Sources */ = {
			isa = PBXSourcesBuildPhase;
			buildActionMask = 2147483647;
			files = (
				FC6E136B1B64A5950038A7BC /* SlipbookTests.swift in Sources */,
			);
			runOnlyForDeploymentPostprocessing = 0;
		};
/* End PBXSourcesBuildPhase section */

/* Begin PBXTargetDependency section */
		FC6E13661B64A5950038A7BC /* PBXTargetDependency */ = {
			isa = PBXTargetDependency;
			target = FC6E134E1B64A5950038A7BC /* Slipbook */;
			targetProxy = FC6E13651B64A5950038A7BC /* PBXContainerItemProxy */;
		};
/* End PBXTargetDependency section */

/* Begin PBXVariantGroup section */
		FC6E13581B64A5950038A7BC /* Main.storyboard */ = {
			isa = PBXVariantGroup;
			children = (
				FC6E13591B64A5950038A7BC /* Base */,
			);
			name = Main.storyboard;
			sourceTree = "<group>";
		};
		FC6E135D1B64A5950038A7BC /* LaunchScreen.xib */ = {
			isa = PBXVariantGroup;
			children = (
				FC6E135E1B64A5950038A7BC /* Base */,
			);
			name = LaunchScreen.xib;
			sourceTree = "<group>";
		};
/* End PBXVariantGroup section */

/* Begin XCBuildConfiguration section */
		FC6E136C1B64A5950038A7BC /* Debug */ = {
			isa = XCBuildConfiguration;
			buildSettings = {
				ALWAYS_SEARCH_USER_PATHS = NO;
				CLANG_CXX_LANGUAGE_STANDARD = "gnu++0x";
				CLANG_CXX_LIBRARY = "libc++";
				CLANG_ENABLE_MODULES = YES;
				CLANG_ENABLE_OBJC_ARC = YES;
				CLANG_WARN_BOOL_CONVERSION = YES;
				CLANG_WARN_CONSTANT_CONVERSION = YES;
				CLANG_WARN_DIRECT_OBJC_ISA_USAGE = YES_ERROR;
				CLANG_WARN_EMPTY_BODY = YES;
				CLANG_WARN_ENUM_CONVERSION = YES;
				CLANG_WARN_INT_CONVERSION = YES;
				CLANG_WARN_OBJC_ROOT_CLASS = YES_ERROR;
				CLANG_WARN_UNREACHABLE_CODE = YES;
				CLANG_WARN__DUPLICATE_METHOD_MATCH = YES;
				"CODE_SIGN_IDENTITY[sdk=iphoneos*]" = "iPhone Developer";
				COPY_PHASE_STRIP = NO;
				DEBUG_INFORMATION_FORMAT = "dwarf-with-dsym";
				ENABLE_STRICT_OBJC_MSGSEND = YES;
				GCC_C_LANGUAGE_STANDARD = gnu99;
				GCC_DYNAMIC_NO_PIC = NO;
				GCC_NO_COMMON_BLOCKS = YES;
				GCC_OPTIMIZATION_LEVEL = 0;
				GCC_PREPROCESSOR_DEFINITIONS = (
					"DEBUG=1",
					"$(inherited)",
				);
				GCC_SYMBOLS_PRIVATE_EXTERN = NO;
				GCC_WARN_64_TO_32_BIT_CONVERSION = YES;
				GCC_WARN_ABOUT_RETURN_TYPE = YES_ERROR;
				GCC_WARN_UNDECLARED_SELECTOR = YES;
				GCC_WARN_UNINITIALIZED_AUTOS = YES_AGGRESSIVE;
				GCC_WARN_UNUSED_FUNCTION = YES;
				GCC_WARN_UNUSED_VARIABLE = YES;
				IPHONEOS_DEPLOYMENT_TARGET = 8.4;
				MTL_ENABLE_DEBUG_INFO = YES;
				ONLY_ACTIVE_ARCH = YES;
				SDKROOT = iphoneos;
				SWIFT_OPTIMIZATION_LEVEL = "-Onone";
			};
			name = Debug;
		};
		FC6E136D1B64A5950038A7BC /* Release */ = {
			isa = XCBuildConfiguration;
			buildSettings = {
				ALWAYS_SEARCH_USER_PATHS = NO;
				CLANG_CXX_LANGUAGE_STANDARD = "gnu++0x";
				CLANG_CXX_LIBRARY = "libc++";
				CLANG_ENABLE_MODULES = YES;
				CLANG_ENABLE_OBJC_ARC = YES;
				CLANG_WARN_BOOL_CONVERSION = YES;
				CLANG_WARN_CONSTANT_CONVERSION = YES;
				CLANG_WARN_DIRECT_OBJC_ISA_USAGE = YES_ERROR;
				CLANG_WARN_EMPTY_BODY = YES;
				CLANG_WARN_ENUM_CONVERSION = YES;
				CLANG_WARN_INT_CONVERSION = YES;
				CLANG_WARN_OBJC_ROOT_CLASS = YES_ERROR;
				CLANG_WARN_UNREACHABLE_CODE = YES;
				CLANG_WARN__DUPLICATE_METHOD_MATCH = YES;
				"CODE_SIGN_IDENTITY[sdk=iphoneos*]" = "iPhone Developer";
				COPY_PHASE_STRIP = NO;
				DEBUG_INFORMATION_FORMAT = "dwarf-with-dsym";
				ENABLE_NS_ASSERTIONS = NO;
				ENABLE_STRICT_OBJC_MSGSEND = YES;
				GCC_C_LANGUAGE_STANDARD = gnu99;
				GCC_NO_COMMON_BLOCKS = YES;
				GCC_WARN_64_TO_32_BIT_CONVERSION = YES;
				GCC_WARN_ABOUT_RETURN_TYPE = YES_ERROR;
				GCC_WARN_UNDECLARED_SELECTOR = YES;
				GCC_WARN_UNINITIALIZED_AUTOS = YES_AGGRESSIVE;
				GCC_WARN_UNUSED_FUNCTION = YES;
				GCC_WARN_UNUSED_VARIABLE = YES;
				IPHONEOS_DEPLOYMENT_TARGET = 8.4;
				MTL_ENABLE_DEBUG_INFO = NO;
				SDKROOT = iphoneos;
				VALIDATE_PRODUCT = YES;
			};
			name = Release;
		};
		FC6E136F1B64A5950038A7BC /* Debug */ = {
			isa = XCBuildConfiguration;
			buildSettings = {
				ASSETCATALOG_COMPILER_APPICON_NAME = AppIcon;
				CLANG_ENABLE_MODULES = YES;
				CODE_SIGN_IDENTITY = "iPhone Developer";
				"CODE_SIGN_IDENTITY[sdk=iphoneos*]" = "iPhone Developer";
				INFOPLIST_FILE = Slipbook/Info.plist;
				LD_RUNPATH_SEARCH_PATHS = "$(inherited) @executable_path/Frameworks";
				PRODUCT_NAME = "$(TARGET_NAME)";
				PROVISIONING_PROFILE = "";
				SWIFT_OBJC_BRIDGING_HEADER = "Slipbook/Slipbook-Bridging-Header.h";
				SWIFT_OPTIMIZATION_LEVEL = "-Onone";
			};
			name = Debug;
		};
		FC6E13701B64A5950038A7BC /* Release */ = {
			isa = XCBuildConfiguration;
			buildSettings = {
				ASSETCATALOG_COMPILER_APPICON_NAME = AppIcon;
				CLANG_ENABLE_MODULES = YES;
				CODE_SIGN_IDENTITY = "iPhone Developer";
				"CODE_SIGN_IDENTITY[sdk=iphoneos*]" = "iPhone Developer";
				INFOPLIST_FILE = Slipbook/Info.plist;
				LD_RUNPATH_SEARCH_PATHS = "$(inherited) @executable_path/Frameworks";
				PRODUCT_NAME = "$(TARGET_NAME)";
				PROVISIONING_PROFILE = "";
				SWIFT_OBJC_BRIDGING_HEADER = "Slipbook/Slipbook-Bridging-Header.h";
			};
			name = Release;
		};
		FC6E13721B64A5950038A7BC /* Debug */ = {
			isa = XCBuildConfiguration;
			buildSettings = {
				BUNDLE_LOADER = "$(TEST_HOST)";
				FRAMEWORK_SEARCH_PATHS = (
					"$(SDKROOT)/Developer/Library/Frameworks",
					"$(inherited)",
				);
				GCC_PREPROCESSOR_DEFINITIONS = (
					"DEBUG=1",
					"$(inherited)",
				);
				INFOPLIST_FILE = SlipbookTests/Info.plist;
				LD_RUNPATH_SEARCH_PATHS = "$(inherited) @executable_path/Frameworks @loader_path/Frameworks";
				PRODUCT_NAME = "$(TARGET_NAME)";
				TEST_HOST = "$(BUILT_PRODUCTS_DIR)/Slipbook.app/Slipbook";
			};
			name = Debug;
		};
		FC6E13731B64A5950038A7BC /* Release */ = {
			isa = XCBuildConfiguration;
			buildSettings = {
				BUNDLE_LOADER = "$(TEST_HOST)";
				FRAMEWORK_SEARCH_PATHS = (
					"$(SDKROOT)/Developer/Library/Frameworks",
					"$(inherited)",
				);
				INFOPLIST_FILE = SlipbookTests/Info.plist;
				LD_RUNPATH_SEARCH_PATHS = "$(inherited) @executable_path/Frameworks @loader_path/Frameworks";
				PRODUCT_NAME = "$(TARGET_NAME)";
				TEST_HOST = "$(BUILT_PRODUCTS_DIR)/Slipbook.app/Slipbook";
			};
			name = Release;
		};
/* End XCBuildConfiguration section */

/* Begin XCConfigurationList section */
		FC6E134A1B64A5950038A7BC /* Build configuration list for PBXProject "Slipbook" */ = {
			isa = XCConfigurationList;
			buildConfigurations = (
				FC6E136C1B64A5950038A7BC /* Debug */,
				FC6E136D1B64A5950038A7BC /* Release */,
			);
			defaultConfigurationIsVisible = 0;
			defaultConfigurationName = Release;
		};
		FC6E136E1B64A5950038A7BC /* Build configuration list for PBXNativeTarget "Slipbook" */ = {
			isa = XCConfigurationList;
			buildConfigurations = (
				FC6E136F1B64A5950038A7BC /* Debug */,
				FC6E13701B64A5950038A7BC /* Release */,
			);
			defaultConfigurationIsVisible = 0;
			defaultConfigurationName = Release;
		};
		FC6E13711B64A5950038A7BC /* Build configuration list for PBXNativeTarget "SlipbookTests" */ = {
			isa = XCConfigurationList;
			buildConfigurations = (
				FC6E13721B64A5950038A7BC /* Debug */,
				FC6E13731B64A5950038A7BC /* Release */,
			);
			defaultConfigurationIsVisible = 0;
			defaultConfigurationName = Release;
		};
/* End XCConfigurationList section */

/* Begin XCVersionGroup section */
		FC5CF0901B7DA17C009324BC /* SlipbookDataModel.xcdatamodeld */ = {
			isa = XCVersionGroup;
			children = (
				FC5CF0911B7DA17C009324BC /* SlipbookDataModel.xcdatamodel */,
			);
			currentVersion = FC5CF0911B7DA17C009324BC /* SlipbookDataModel.xcdatamodel */;
			path = SlipbookDataModel.xcdatamodeld;
			sourceTree = "<group>";
			versionGroupType = wrapper.xcdatamodel;
		};
/* End XCVersionGroup section */
	};
	rootObject = FC6E13471B64A5950038A7BC /* Project object */;
}
